PODS:
  - DSF_QRCode (16.0.0):
    - SwiftImageReadWrite (~> 1.1.6)
    - SwiftQRCodeGenerator
  - SwiftImageReadWrite (1.1.6)
  - SwiftQRCodeGenerator (1.0.3)

DEPENDENCIES:
  - DSF_QRCode (from `../../`)

SPEC REPOS:
  trunk:
    - SwiftImageReadWrite
    - SwiftQRCodeGenerator

EXTERNAL SOURCES:
  DSF_QRCode:
    :path: "../../"

SPEC CHECKSUMS:
  DSF_QRCode: 293e4864857c9a6995997ab6bd1e12015eb897ef
  SwiftImageReadWrite: 3508ec60fea50876964055b63558fdd02f132ba3
  SwiftQRCodeGenerator: c5cdef1603699784b07af0fd3cc1c2f45ac26ada

PODFILE CHECKSUM: f8a988c656d565c090baca421148e3056c2ca589

COCOAPODS: 1.12.1
