PODS:
  - DSF_QRCode (19.2.0):
    - SwiftImageReadWrite (~> 1.7.2)
    - SwiftQRCodeGenerator (~> 2.0.2)
  - SwiftImageReadWrite (1.7.2)
  - SwiftQRCodeGenerator (2.0.2)

DEPENDENCIES:
  - DSF_QRCode (from `../../`)

SPEC REPOS:
  trunk:
    - SwiftImageReadWrite
    - SwiftQRCodeGenerator

EXTERNAL SOURCES:
  DSF_QRCode:
    :path: "../../"

SPEC CHECKSUMS:
  DSF_QRCode: e8fb78ccbb99162134286944bfb0dfbcfbe47836
  SwiftImageReadWrite: ef6dfb4a78a0142a62c89cacf549623b26961fd3
  SwiftQRCodeGenerator: cc02fed209335064d0b0dd61b2a0874b9bc6bd5a

PODFILE CHECKSUM: 8bc17f7e1b88bd77e3f248afa8c852e64fc65d8d

COCOAPODS: 1.15.2
