PODS:
  - QRCode (14.1.0):
    - SwiftImageReadWrite (~> 1.1.5)
    - SwiftQRCodeGenerator
  - SwiftImageReadWrite (1.1.5)
  - SwiftQRCodeGenerator (1.0.3)

DEPENDENCIES:
  - QRCode (from `../../`)

SPEC REPOS:
  trunk:
    - SwiftImageReadWrite
    - SwiftQRCodeGenerator

EXTERNAL SOURCES:
  QRCode:
    :path: "../../"

SPEC CHECKSUMS:
  QRCode: e60b431ba8b64238ba0588e26933dc970d7d5eee
  SwiftImageReadWrite: 34f1839ed6f4fa1615185f58eb6c524216acab94
  SwiftQRCodeGenerator: c5cdef1603699784b07af0fd3cc1c2f45ac26ada

PODFILE CHECKSUM: b0880c6726e63aa76b7dc5e06474343d8ea31f7d

COCOAPODS: 1.12.1
