// !$*UTF8*$!
{
	archiveVersion = 1;
	classes = {
	};
	objectVersion = 55;
	objects = {

/* Begin PBXAggregateTarget section */
		2345F6D227488AC40087569B /* All macOS */ = {
			isa = PBXAggregateTarget;
			buildConfigurationList = 2345F6D527488AC40087569B /* Build configuration list for PBXAggregateTarget "All macOS" */;
			buildPhases = (
			);
			dependencies = (
				23C64A70282F67930094E093 /* PBXTargetDependency */,
				2345F6E1274890860087569B /* PBXTargetDependency */,
				2345F6D727488ADA0087569B /* PBXTargetDependency */,
				2345F6D927488ADA0087569B /* PBXTargetDependency */,
				2345F6DD27488ADA0087569B /* PBXTargetDependency */,
				2345F6DF27488ADA0087569B /* PBXTargetDependency */,
			);
			name = "All macOS";
			productName = All;
		};
		236B0438274B5DEA004F0146 /* All iOS */ = {
			isa = PBXAggregateTarget;
			buildConfigurationList = 236B0439274B5DEA004F0146 /* Build configuration list for PBXAggregateTarget "All iOS" */;
			buildPhases = (
			);
			dependencies = (
				236B043D274B5DFA004F0146 /* PBXTargetDependency */,
				236B043F274B5DFA004F0146 /* PBXTargetDependency */,
			);
			name = "All iOS";
			productName = "All iOS";
		};
/* End PBXAggregateTarget section */

/* Begin PBXBuildFile section */
		2322B099276348300085B5EB /* QRCode WatchOS Demo WatchKit App.app in Embed Watch Content */ = {isa = PBXBuildFile; fileRef = 2322B098276348300085B5EB /* QRCode WatchOS Demo WatchKit App.app */; settings = {ATTRIBUTES = (RemoveHeadersOnCopy, ); }; };
		2322B09E276348310085B5EB /* Assets.xcassets in Resources */ = {isa = PBXBuildFile; fileRef = 2322B09D276348310085B5EB /* Assets.xcassets */; };
		2322B0A4276348310085B5EB /* QRCode WatchOS Demo WatchKit Extension.appex in Embed App Extensions */ = {isa = PBXBuildFile; fileRef = 2322B0A3276348310085B5EB /* QRCode WatchOS Demo WatchKit Extension.appex */; settings = {ATTRIBUTES = (RemoveHeadersOnCopy, ); }; };
		2322B0A9276348310085B5EB /* ContentView.swift in Sources */ = {isa = PBXBuildFile; fileRef = 2322B0A8276348310085B5EB /* ContentView.swift */; };
		2322B0AB276348310085B5EB /* QRCodeView_DemoApp.swift in Sources */ = {isa = PBXBuildFile; fileRef = 2322B0AA276348310085B5EB /* QRCodeView_DemoApp.swift */; };
		2322B0AD276348310085B5EB /* ComplicationController.swift in Sources */ = {isa = PBXBuildFile; fileRef = 2322B0AC276348310085B5EB /* ComplicationController.swift */; };
		2322B0AF276348320085B5EB /* Assets.xcassets in Resources */ = {isa = PBXBuildFile; fileRef = 2322B0AE276348320085B5EB /* Assets.xcassets */; };
		2322B0B2276348320085B5EB /* Preview Assets.xcassets in Resources */ = {isa = PBXBuildFile; fileRef = 2322B0B1276348320085B5EB /* Preview Assets.xcassets */; };
		2348FB68273A2DDB004DB2BF /* AppDelegate.swift in Sources */ = {isa = PBXBuildFile; fileRef = 2348FB67273A2DDB004DB2BF /* AppDelegate.swift */; };
		2348FB6A273A2DDB004DB2BF /* ViewController.swift in Sources */ = {isa = PBXBuildFile; fileRef = 2348FB69273A2DDB004DB2BF /* ViewController.swift */; };
		2348FB6C273A2DDC004DB2BF /* Assets.xcassets in Resources */ = {isa = PBXBuildFile; fileRef = 2348FB6B273A2DDC004DB2BF /* Assets.xcassets */; };
		2348FB6F273A2DDC004DB2BF /* Main.storyboard in Resources */ = {isa = PBXBuildFile; fileRef = 2348FB6D273A2DDC004DB2BF /* Main.storyboard */; };
		2348FB81273A2EF3004DB2BF /* AppDelegate.swift in Sources */ = {isa = PBXBuildFile; fileRef = 2348FB80273A2EF3004DB2BF /* AppDelegate.swift */; };
		2348FB83273A2EF3004DB2BF /* SceneDelegate.swift in Sources */ = {isa = PBXBuildFile; fileRef = 2348FB82273A2EF3004DB2BF /* SceneDelegate.swift */; };
		2348FB85273A2EF3004DB2BF /* ViewController.swift in Sources */ = {isa = PBXBuildFile; fileRef = 2348FB84273A2EF3004DB2BF /* ViewController.swift */; };
		2348FB88273A2EF3004DB2BF /* Main.storyboard in Resources */ = {isa = PBXBuildFile; fileRef = 2348FB86273A2EF3004DB2BF /* Main.storyboard */; };
		2348FB8A273A2EF4004DB2BF /* Assets.xcassets in Resources */ = {isa = PBXBuildFile; fileRef = 2348FB89273A2EF4004DB2BF /* Assets.xcassets */; };
		2348FB8D273A2EF4004DB2BF /* LaunchScreen.storyboard in Resources */ = {isa = PBXBuildFile; fileRef = 2348FB8B273A2EF4004DB2BF /* LaunchScreen.storyboard */; };
		2348FBA7273A310A004DB2BF /* QRCodeView_SwiftUI_DemoApp.swift in Sources */ = {isa = PBXBuildFile; fileRef = 2348FB98273A3109004DB2BF /* QRCodeView_SwiftUI_DemoApp.swift */; };
		2348FBA8273A310A004DB2BF /* QRCodeView_SwiftUI_DemoApp.swift in Sources */ = {isa = PBXBuildFile; fileRef = 2348FB98273A3109004DB2BF /* QRCodeView_SwiftUI_DemoApp.swift */; };
		2348FBAA273A310A004DB2BF /* ContentView.swift in Sources */ = {isa = PBXBuildFile; fileRef = 2348FB99273A3109004DB2BF /* ContentView.swift */; };
		2348FBAB273A310A004DB2BF /* Assets.xcassets in Resources */ = {isa = PBXBuildFile; fileRef = 2348FB9A273A310A004DB2BF /* Assets.xcassets */; };
		2348FBAC273A310A004DB2BF /* Assets.xcassets in Resources */ = {isa = PBXBuildFile; fileRef = 2348FB9A273A310A004DB2BF /* Assets.xcassets */; };
		235F82752741F1B300E81D98 /* ContentView.swift in Sources */ = {isa = PBXBuildFile; fileRef = 235F82742741F1B300E81D98 /* ContentView.swift */; };
		236A0506286FE1960019C842 /* AppDelegate.swift in Sources */ = {isa = PBXBuildFile; fileRef = 236A0505286FE1960019C842 /* AppDelegate.swift */; };
		236A0508286FE1960019C842 /* ViewController.swift in Sources */ = {isa = PBXBuildFile; fileRef = 236A0507286FE1960019C842 /* ViewController.swift */; };
		236A050A286FE1970019C842 /* Assets.xcassets in Resources */ = {isa = PBXBuildFile; fileRef = 236A0509286FE1970019C842 /* Assets.xcassets */; };
		236A050D286FE1970019C842 /* Main.storyboard in Resources */ = {isa = PBXBuildFile; fileRef = 236A050B286FE1970019C842 /* Main.storyboard */; };
		236A051B286FE6570019C842 /* AppDelegate.swift in Sources */ = {isa = PBXBuildFile; fileRef = 236A051A286FE6570019C842 /* AppDelegate.swift */; };
		236A051D286FE6570019C842 /* SceneDelegate.swift in Sources */ = {isa = PBXBuildFile; fileRef = 236A051C286FE6570019C842 /* SceneDelegate.swift */; };
		236A051F286FE6570019C842 /* ViewController.swift in Sources */ = {isa = PBXBuildFile; fileRef = 236A051E286FE6570019C842 /* ViewController.swift */; };
		236A0522286FE6570019C842 /* Main.storyboard in Resources */ = {isa = PBXBuildFile; fileRef = 236A0520286FE6570019C842 /* Main.storyboard */; };
		236A0524286FE6580019C842 /* Assets.xcassets in Resources */ = {isa = PBXBuildFile; fileRef = 236A0523286FE6580019C842 /* Assets.xcassets */; };
		236A0527286FE6580019C842 /* LaunchScreen.storyboard in Resources */ = {isa = PBXBuildFile; fileRef = 236A0525286FE6580019C842 /* LaunchScreen.storyboard */; };
		237E4000274F08AE003E5E24 /* Shared.swift in Sources */ = {isa = PBXBuildFile; fileRef = 237E3FFF274F08AE003E5E24 /* Shared.swift */; };
		237E4001274F08AE003E5E24 /* Shared.swift in Sources */ = {isa = PBXBuildFile; fileRef = 237E3FFF274F08AE003E5E24 /* Shared.swift */; };
		239FBAE128A638C2002F74AC /* QRCode in Frameworks */ = {isa = PBXBuildFile; productRef = 239FBAE028A638C2002F74AC /* QRCode */; };
		239FBAE328A638CA002F74AC /* QRCode in Frameworks */ = {isa = PBXBuildFile; productRef = 239FBAE228A638CA002F74AC /* QRCode */; };
		239FBAE528A638D8002F74AC /* QRCode in Frameworks */ = {isa = PBXBuildFile; productRef = 239FBAE428A638D8002F74AC /* QRCode */; };
		239FBAE728A638E3002F74AC /* QRCode in Frameworks */ = {isa = PBXBuildFile; productRef = 239FBAE628A638E3002F74AC /* QRCode */; };
		239FBAE928A638FB002F74AC /* QRCode in Frameworks */ = {isa = PBXBuildFile; productRef = 239FBAE828A638FB002F74AC /* QRCode */; };
		23C64A5D282F448D0094E093 /* AppDelegate.swift in Sources */ = {isa = PBXBuildFile; fileRef = 23C64A5C282F448D0094E093 /* AppDelegate.swift */; };
		23C64A5F282F448D0094E093 /* ViewController.swift in Sources */ = {isa = PBXBuildFile; fileRef = 23C64A5E282F448D0094E093 /* ViewController.swift */; };
		23C64A61282F448E0094E093 /* Assets.xcassets in Resources */ = {isa = PBXBuildFile; fileRef = 23C64A60282F448E0094E093 /* Assets.xcassets */; };
		23C64A64282F448E0094E093 /* Main.storyboard in Resources */ = {isa = PBXBuildFile; fileRef = 23C64A62282F448E0094E093 /* Main.storyboard */; };
		23C7585C28AC7420007528CE /* QRCodeExternal in Frameworks */ = {isa = PBXBuildFile; productRef = 23C7585B28AC7420007528CE /* QRCodeExternal */; };
		23C7586028AC77E3007528CE /* QRCode in Frameworks */ = {isa = PBXBuildFile; productRef = 23C7585F28AC77E3007528CE /* QRCode */; };
		23C7586228AC7842007528CE /* QRCode in Frameworks */ = {isa = PBXBuildFile; productRef = 23C7586128AC7842007528CE /* QRCode */; };
		23C7586628AC78B8007528CE /* QRCodeDynamic in Frameworks */ = {isa = PBXBuildFile; productRef = 23C7586528AC78B8007528CE /* QRCodeDynamic */; };
		23C7586728AC78B8007528CE /* QRCodeDynamic in Embed Frameworks */ = {isa = PBXBuildFile; productRef = 23C7586528AC78B8007528CE /* QRCodeDynamic */; settings = {ATTRIBUTES = (CodeSignOnCopy, ); }; };
		23F8AE69273A493B00ED6288 /* AppDelegate.m in Sources */ = {isa = PBXBuildFile; fileRef = 23F8AE68273A493B00ED6288 /* AppDelegate.m */; };
		23F8AE6C273A493B00ED6288 /* ViewController.m in Sources */ = {isa = PBXBuildFile; fileRef = 23F8AE6B273A493B00ED6288 /* ViewController.m */; };
		23F8AE6E273A493C00ED6288 /* Assets.xcassets in Resources */ = {isa = PBXBuildFile; fileRef = 23F8AE6D273A493C00ED6288 /* Assets.xcassets */; };
		23F8AE71273A493C00ED6288 /* Main.storyboard in Resources */ = {isa = PBXBuildFile; fileRef = 23F8AE6F273A493C00ED6288 /* Main.storyboard */; };
		23F8AE73273A493C00ED6288 /* main.m in Sources */ = {isa = PBXBuildFile; fileRef = 23F8AE72273A493C00ED6288 /* main.m */; };
/* End PBXBuildFile section */

/* Begin PBXContainerItemProxy section */
		2322B09A276348300085B5EB /* PBXContainerItemProxy */ = {
			isa = PBXContainerItemProxy;
			containerPortal = 2348FB5C273A2DDB004DB2BF /* Project object */;
			proxyType = 1;
			remoteGlobalIDString = 2322B097276348300085B5EB;
			remoteInfo = "QRCode WatchOS Demo WatchKit App";
		};
		2322B0A5276348310085B5EB /* PBXContainerItemProxy */ = {
			isa = PBXContainerItemProxy;
			containerPortal = 2348FB5C273A2DDB004DB2BF /* Project object */;
			proxyType = 1;
			remoteGlobalIDString = 2322B0A2276348310085B5EB;
			remoteInfo = "QRCode WatchOS Demo WatchKit Extension";
		};
		2345F6D627488ADA0087569B /* PBXContainerItemProxy */ = {
			isa = PBXContainerItemProxy;
			containerPortal = 2348FB5C273A2DDB004DB2BF /* Project object */;
			proxyType = 1;
			remoteGlobalIDString = 2348FB63273A2DDB004DB2BF;
			remoteInfo = "QRCodeView Demo";
		};
		2345F6D827488ADA0087569B /* PBXContainerItemProxy */ = {
			isa = PBXContainerItemProxy;
			containerPortal = 2348FB5C273A2DDB004DB2BF /* Project object */;
			proxyType = 1;
			remoteGlobalIDString = 23F8AE64273A493A00ED6288;
			remoteInfo = "QRCodeView ObjC Demo";
		};
		2345F6DC27488ADA0087569B /* PBXContainerItemProxy */ = {
			isa = PBXContainerItemProxy;
			containerPortal = 2348FB5C273A2DDB004DB2BF /* Project object */;
			proxyType = 1;
			remoteGlobalIDString = 2348FBA3273A310A004DB2BF;
			remoteInfo = "QRCodeView SwiftUI Demo (macOS)";
		};
		2345F6DE27488ADA0087569B /* PBXContainerItemProxy */ = {
			isa = PBXContainerItemProxy;
			containerPortal = 2348FB5C273A2DDB004DB2BF /* Project object */;
			proxyType = 1;
			remoteGlobalIDString = 2348FB7D273A2EF3004DB2BF;
			remoteInfo = "QRCodeView iOS Demo";
		};
		2345F6E0274890860087569B /* PBXContainerItemProxy */ = {
			isa = PBXContainerItemProxy;
			containerPortal = 2348FB5C273A2DDB004DB2BF /* Project object */;
			proxyType = 1;
			remoteGlobalIDString = 2348FB9E273A310A004DB2BF;
			remoteInfo = "QRCodeView SwiftUI Demo (iOS)";
		};
		236B043C274B5DFA004F0146 /* PBXContainerItemProxy */ = {
			isa = PBXContainerItemProxy;
			containerPortal = 2348FB5C273A2DDB004DB2BF /* Project object */;
			proxyType = 1;
			remoteGlobalIDString = 2348FB9E273A310A004DB2BF;
			remoteInfo = "QRCodeView SwiftUI Demo (iOS)";
		};
		236B043E274B5DFA004F0146 /* PBXContainerItemProxy */ = {
			isa = PBXContainerItemProxy;
			containerPortal = 2348FB5C273A2DDB004DB2BF /* Project object */;
			proxyType = 1;
			remoteGlobalIDString = 2348FB7D273A2EF3004DB2BF;
			remoteInfo = "QRCodeView iOS Demo";
		};
		23C64A6F282F67930094E093 /* PBXContainerItemProxy */ = {
			isa = PBXContainerItemProxy;
			containerPortal = 2348FB5C273A2DDB004DB2BF /* Project object */;
			proxyType = 1;
			remoteGlobalIDString = 23C64A59282F448D0094E093;
			remoteInfo = "QRCodeView Documentation Images";
		};
/* End PBXContainerItemProxy section */

/* Begin PBXCopyFilesBuildPhase section */
		2322B0B6276348320085B5EB /* Embed Watch Content */ = {
			isa = PBXCopyFilesBuildPhase;
			buildActionMask = 2147483647;
			dstPath = "$(CONTENTS_FOLDER_PATH)/Watch";
			dstSubfolderSpec = 16;
			files = (
				2322B099276348300085B5EB /* QRCode WatchOS Demo WatchKit App.app in Embed Watch Content */,
			);
			name = "Embed Watch Content";
			runOnlyForDeploymentPostprocessing = 0;
		};
		2322B0B9276348320085B5EB /* Embed App Extensions */ = {
			isa = PBXCopyFilesBuildPhase;
			buildActionMask = 2147483647;
			dstPath = "";
			dstSubfolderSpec = 13;
			files = (
				2322B0A4276348310085B5EB /* QRCode WatchOS Demo WatchKit Extension.appex in Embed App Extensions */,
			);
			name = "Embed App Extensions";
			runOnlyForDeploymentPostprocessing = 0;
		};
		2348FB96273A2F14004DB2BF /* Embed Frameworks */ = {
			isa = PBXCopyFilesBuildPhase;
			buildActionMask = 2147483647;
			dstPath = "";
			dstSubfolderSpec = 10;
			files = (
				23C7586728AC78B8007528CE /* QRCodeDynamic in Embed Frameworks */,
			);
			name = "Embed Frameworks";
			runOnlyForDeploymentPostprocessing = 0;
		};
/* End PBXCopyFilesBuildPhase section */

/* Begin PBXFileReference section */
		2322B095276348300085B5EB /* QRCode WatchOS Demo.app */ = {isa = PBXFileReference; explicitFileType = wrapper.application; includeInIndex = 0; path = "QRCode WatchOS Demo.app"; sourceTree = BUILT_PRODUCTS_DIR; };
		2322B098276348300085B5EB /* QRCode WatchOS Demo WatchKit App.app */ = {isa = PBXFileReference; explicitFileType = wrapper.application; includeInIndex = 0; path = "QRCode WatchOS Demo WatchKit App.app"; sourceTree = BUILT_PRODUCTS_DIR; };
		2322B09D276348310085B5EB /* Assets.xcassets */ = {isa = PBXFileReference; lastKnownFileType = folder.assetcatalog; path = Assets.xcassets; sourceTree = "<group>"; };
		2322B0A3276348310085B5EB /* QRCode WatchOS Demo WatchKit Extension.appex */ = {isa = PBXFileReference; explicitFileType = "wrapper.app-extension"; includeInIndex = 0; path = "QRCode WatchOS Demo WatchKit Extension.appex"; sourceTree = BUILT_PRODUCTS_DIR; };
		2322B0A8276348310085B5EB /* ContentView.swift */ = {isa = PBXFileReference; lastKnownFileType = sourcecode.swift; path = ContentView.swift; sourceTree = "<group>"; };
		2322B0AA276348310085B5EB /* QRCodeView_DemoApp.swift */ = {isa = PBXFileReference; lastKnownFileType = sourcecode.swift; path = QRCodeView_DemoApp.swift; sourceTree = "<group>"; };
		2322B0AC276348310085B5EB /* ComplicationController.swift */ = {isa = PBXFileReference; lastKnownFileType = sourcecode.swift; path = ComplicationController.swift; sourceTree = "<group>"; };
		2322B0AE276348320085B5EB /* Assets.xcassets */ = {isa = PBXFileReference; lastKnownFileType = folder.assetcatalog; path = Assets.xcassets; sourceTree = "<group>"; };
		2322B0B1276348320085B5EB /* Preview Assets.xcassets */ = {isa = PBXFileReference; lastKnownFileType = folder.assetcatalog; path = "Preview Assets.xcassets"; sourceTree = "<group>"; };
		2322B0B3276348320085B5EB /* Info.plist */ = {isa = PBXFileReference; lastKnownFileType = text.plist.xml; path = Info.plist; sourceTree = "<group>"; };
		2348FB64273A2DDB004DB2BF /* QRCodeView Demo.app */ = {isa = PBXFileReference; explicitFileType = wrapper.application; includeInIndex = 0; path = "QRCodeView Demo.app"; sourceTree = BUILT_PRODUCTS_DIR; };
		2348FB67273A2DDB004DB2BF /* AppDelegate.swift */ = {isa = PBXFileReference; lastKnownFileType = sourcecode.swift; path = AppDelegate.swift; sourceTree = "<group>"; };
		2348FB69273A2DDB004DB2BF /* ViewController.swift */ = {isa = PBXFileReference; lastKnownFileType = sourcecode.swift; path = ViewController.swift; sourceTree = "<group>"; };
		2348FB6B273A2DDC004DB2BF /* Assets.xcassets */ = {isa = PBXFileReference; lastKnownFileType = folder.assetcatalog; path = Assets.xcassets; sourceTree = "<group>"; };
		2348FB6E273A2DDC004DB2BF /* Base */ = {isa = PBXFileReference; lastKnownFileType = file.storyboard; name = Base; path = Base.lproj/Main.storyboard; sourceTree = "<group>"; };
		2348FB70273A2DDC004DB2BF /* QRCodeView_Demo.entitlements */ = {isa = PBXFileReference; lastKnownFileType = text.plist.entitlements; path = QRCodeView_Demo.entitlements; sourceTree = "<group>"; };
		2348FB7E273A2EF3004DB2BF /* QRCodeView iOS Demo.app */ = {isa = PBXFileReference; explicitFileType = wrapper.application; includeInIndex = 0; path = "QRCodeView iOS Demo.app"; sourceTree = BUILT_PRODUCTS_DIR; };
		2348FB80273A2EF3004DB2BF /* AppDelegate.swift */ = {isa = PBXFileReference; lastKnownFileType = sourcecode.swift; path = AppDelegate.swift; sourceTree = "<group>"; };
		2348FB82273A2EF3004DB2BF /* SceneDelegate.swift */ = {isa = PBXFileReference; lastKnownFileType = sourcecode.swift; path = SceneDelegate.swift; sourceTree = "<group>"; };
		2348FB84273A2EF3004DB2BF /* ViewController.swift */ = {isa = PBXFileReference; lastKnownFileType = sourcecode.swift; path = ViewController.swift; sourceTree = "<group>"; };
		2348FB87273A2EF3004DB2BF /* Base */ = {isa = PBXFileReference; lastKnownFileType = file.storyboard; name = Base; path = Base.lproj/Main.storyboard; sourceTree = "<group>"; };
		2348FB89273A2EF4004DB2BF /* Assets.xcassets */ = {isa = PBXFileReference; lastKnownFileType = folder.assetcatalog; path = Assets.xcassets; sourceTree = "<group>"; };
		2348FB8C273A2EF4004DB2BF /* Base */ = {isa = PBXFileReference; lastKnownFileType = file.storyboard; name = Base; path = Base.lproj/LaunchScreen.storyboard; sourceTree = "<group>"; };
		2348FB8E273A2EF4004DB2BF /* Info.plist */ = {isa = PBXFileReference; lastKnownFileType = text.plist.xml; path = Info.plist; sourceTree = "<group>"; };
		2348FB92273A2EF7004DB2BF /* QRCodeView iOS Demo.entitlements */ = {isa = PBXFileReference; lastKnownFileType = text.plist.entitlements; path = "QRCodeView iOS Demo.entitlements"; sourceTree = "<group>"; };
		2348FB98273A3109004DB2BF /* QRCodeView_SwiftUI_DemoApp.swift */ = {isa = PBXFileReference; lastKnownFileType = sourcecode.swift; path = QRCodeView_SwiftUI_DemoApp.swift; sourceTree = "<group>"; };
		2348FB99273A3109004DB2BF /* ContentView.swift */ = {isa = PBXFileReference; lastKnownFileType = sourcecode.swift; path = ContentView.swift; sourceTree = "<group>"; };
		2348FB9A273A310A004DB2BF /* Assets.xcassets */ = {isa = PBXFileReference; lastKnownFileType = folder.assetcatalog; path = Assets.xcassets; sourceTree = "<group>"; };
		2348FB9F273A310A004DB2BF /* QRCodeView SwiftUI Demo iOS.app */ = {isa = PBXFileReference; explicitFileType = wrapper.application; includeInIndex = 0; path = "QRCodeView SwiftUI Demo iOS.app"; sourceTree = BUILT_PRODUCTS_DIR; };
		2348FBA4273A310A004DB2BF /* QRCodeView SwiftUI Demo.app */ = {isa = PBXFileReference; explicitFileType = wrapper.application; includeInIndex = 0; path = "QRCodeView SwiftUI Demo.app"; sourceTree = BUILT_PRODUCTS_DIR; };
		2348FBA6273A310A004DB2BF /* macOS.entitlements */ = {isa = PBXFileReference; lastKnownFileType = text.plist.entitlements; path = macOS.entitlements; sourceTree = "<group>"; };
		234DE7042745D72D00EC7FD2 /* QRCode */ = {isa = PBXFileReference; lastKnownFileType = folder; name = QRCode; path = ../..; sourceTree = "<group>"; };
		235F82742741F1B300E81D98 /* ContentView.swift */ = {isa = PBXFileReference; fileEncoding = 4; lastKnownFileType = sourcecode.swift; path = ContentView.swift; sourceTree = "<group>"; };
		23638EAB2887D0F60057A190 /* QRCode Playground.playground */ = {isa = PBXFileReference; lastKnownFileType = file.playground; name = "QRCode Playground.playground"; path = "../QRCode Playground.playground"; sourceTree = "<group>"; xcLanguageSpecificationIdentifier = xcode.lang.swift; };
		236A0503286FE1960019C842 /* macOS QRCode Detector.app */ = {isa = PBXFileReference; explicitFileType = wrapper.application; includeInIndex = 0; path = "macOS QRCode Detector.app"; sourceTree = BUILT_PRODUCTS_DIR; };
		236A0505286FE1960019C842 /* AppDelegate.swift */ = {isa = PBXFileReference; lastKnownFileType = sourcecode.swift; path = AppDelegate.swift; sourceTree = "<group>"; };
		236A0507286FE1960019C842 /* ViewController.swift */ = {isa = PBXFileReference; lastKnownFileType = sourcecode.swift; path = ViewController.swift; sourceTree = "<group>"; };
		236A0509286FE1970019C842 /* Assets.xcassets */ = {isa = PBXFileReference; lastKnownFileType = folder.assetcatalog; path = Assets.xcassets; sourceTree = "<group>"; };
		236A050C286FE1970019C842 /* Base */ = {isa = PBXFileReference; lastKnownFileType = file.storyboard; name = Base; path = Base.lproj/Main.storyboard; sourceTree = "<group>"; };
		236A050E286FE1970019C842 /* macOS_QRCode_Detector.entitlements */ = {isa = PBXFileReference; lastKnownFileType = text.plist.entitlements; path = macOS_QRCode_Detector.entitlements; sourceTree = "<group>"; };
		236A0518286FE6570019C842 /* iOS QRCode Detector.app */ = {isa = PBXFileReference; explicitFileType = wrapper.application; includeInIndex = 0; path = "iOS QRCode Detector.app"; sourceTree = BUILT_PRODUCTS_DIR; };
		236A051A286FE6570019C842 /* AppDelegate.swift */ = {isa = PBXFileReference; lastKnownFileType = sourcecode.swift; path = AppDelegate.swift; sourceTree = "<group>"; };
		236A051C286FE6570019C842 /* SceneDelegate.swift */ = {isa = PBXFileReference; lastKnownFileType = sourcecode.swift; path = SceneDelegate.swift; sourceTree = "<group>"; };
		236A051E286FE6570019C842 /* ViewController.swift */ = {isa = PBXFileReference; lastKnownFileType = sourcecode.swift; path = ViewController.swift; sourceTree = "<group>"; };
		236A0521286FE6570019C842 /* Base */ = {isa = PBXFileReference; lastKnownFileType = file.storyboard; name = Base; path = Base.lproj/Main.storyboard; sourceTree = "<group>"; };
		236A0523286FE6580019C842 /* Assets.xcassets */ = {isa = PBXFileReference; lastKnownFileType = folder.assetcatalog; path = Assets.xcassets; sourceTree = "<group>"; };
		236A0526286FE6580019C842 /* Base */ = {isa = PBXFileReference; lastKnownFileType = file.storyboard; name = Base; path = Base.lproj/LaunchScreen.storyboard; sourceTree = "<group>"; };
		236A0528286FE6580019C842 /* Info.plist */ = {isa = PBXFileReference; lastKnownFileType = text.plist.xml; path = Info.plist; sourceTree = "<group>"; };
		237E3FFF274F08AE003E5E24 /* Shared.swift */ = {isa = PBXFileReference; lastKnownFileType = sourcecode.swift; path = Shared.swift; sourceTree = "<group>"; };
		23C64A5A282F448D0094E093 /* QRCodeView Documentation Images.app */ = {isa = PBXFileReference; explicitFileType = wrapper.application; includeInIndex = 0; path = "QRCodeView Documentation Images.app"; sourceTree = BUILT_PRODUCTS_DIR; };
		23C64A5C282F448D0094E093 /* AppDelegate.swift */ = {isa = PBXFileReference; lastKnownFileType = sourcecode.swift; path = AppDelegate.swift; sourceTree = "<group>"; };
		23C64A5E282F448D0094E093 /* ViewController.swift */ = {isa = PBXFileReference; lastKnownFileType = sourcecode.swift; path = ViewController.swift; sourceTree = "<group>"; };
		23C64A60282F448E0094E093 /* Assets.xcassets */ = {isa = PBXFileReference; lastKnownFileType = folder.assetcatalog; path = Assets.xcassets; sourceTree = "<group>"; };
		23C64A63282F448E0094E093 /* Base */ = {isa = PBXFileReference; lastKnownFileType = file.storyboard; name = Base; path = Base.lproj/Main.storyboard; sourceTree = "<group>"; };
		23C64A65282F448E0094E093 /* QRCodeView_Documentation_Images.entitlements */ = {isa = PBXFileReference; lastKnownFileType = text.plist.entitlements; path = QRCodeView_Documentation_Images.entitlements; sourceTree = "<group>"; };
		23F8AE65273A493A00ED6288 /* QRCodeView ObjC Demo.app */ = {isa = PBXFileReference; explicitFileType = wrapper.application; includeInIndex = 0; path = "QRCodeView ObjC Demo.app"; sourceTree = BUILT_PRODUCTS_DIR; };
		23F8AE67273A493B00ED6288 /* AppDelegate.h */ = {isa = PBXFileReference; lastKnownFileType = sourcecode.c.h; path = AppDelegate.h; sourceTree = "<group>"; };
		23F8AE68273A493B00ED6288 /* AppDelegate.m */ = {isa = PBXFileReference; lastKnownFileType = sourcecode.c.objc; path = AppDelegate.m; sourceTree = "<group>"; };
		23F8AE6A273A493B00ED6288 /* ViewController.h */ = {isa = PBXFileReference; lastKnownFileType = sourcecode.c.h; path = ViewController.h; sourceTree = "<group>"; };
		23F8AE6B273A493B00ED6288 /* ViewController.m */ = {isa = PBXFileReference; lastKnownFileType = sourcecode.c.objc; path = ViewController.m; sourceTree = "<group>"; };
		23F8AE6D273A493C00ED6288 /* Assets.xcassets */ = {isa = PBXFileReference; lastKnownFileType = folder.assetcatalog; path = Assets.xcassets; sourceTree = "<group>"; };
		23F8AE70273A493C00ED6288 /* Base */ = {isa = PBXFileReference; lastKnownFileType = file.storyboard; name = Base; path = Base.lproj/Main.storyboard; sourceTree = "<group>"; };
		23F8AE72273A493C00ED6288 /* main.m */ = {isa = PBXFileReference; lastKnownFileType = sourcecode.c.objc; path = main.m; sourceTree = "<group>"; };
		23F8AE74273A493C00ED6288 /* QRCodeView_ObjC_Demo.entitlements */ = {isa = PBXFileReference; lastKnownFileType = text.plist.entitlements; path = QRCodeView_ObjC_Demo.entitlements; sourceTree = "<group>"; };
/* End PBXFileReference section */

/* Begin PBXFrameworksBuildPhase section */
		2322B0A0276348310085B5EB /* Frameworks */ = {
			isa = PBXFrameworksBuildPhase;
			buildActionMask = 2147483647;
			files = (
				23C7585C28AC7420007528CE /* QRCodeExternal in Frameworks */,
			);
			runOnlyForDeploymentPostprocessing = 0;
		};
		2348FB61273A2DDB004DB2BF /* Frameworks */ = {
			isa = PBXFrameworksBuildPhase;
			buildActionMask = 2147483647;
			files = (
				239FBAE928A638FB002F74AC /* QRCode in Frameworks */,
			);
			runOnlyForDeploymentPostprocessing = 0;
		};
		2348FB7B273A2EF3004DB2BF /* Frameworks */ = {
			isa = PBXFrameworksBuildPhase;
			buildActionMask = 2147483647;
			files = (
				23C7586628AC78B8007528CE /* QRCodeDynamic in Frameworks */,
			);
			runOnlyForDeploymentPostprocessing = 0;
		};
		2348FB9C273A310A004DB2BF /* Frameworks */ = {
			isa = PBXFrameworksBuildPhase;
			buildActionMask = 2147483647;
			files = (
				239FBAE528A638D8002F74AC /* QRCode in Frameworks */,
			);
			runOnlyForDeploymentPostprocessing = 0;
		};
		2348FBA1273A310A004DB2BF /* Frameworks */ = {
			isa = PBXFrameworksBuildPhase;
			buildActionMask = 2147483647;
			files = (
				239FBAE328A638CA002F74AC /* QRCode in Frameworks */,
			);
			runOnlyForDeploymentPostprocessing = 0;
		};
		236A0500286FE1960019C842 /* Frameworks */ = {
			isa = PBXFrameworksBuildPhase;
			buildActionMask = 2147483647;
			files = (
				23C7586028AC77E3007528CE /* QRCode in Frameworks */,
			);
			runOnlyForDeploymentPostprocessing = 0;
		};
		236A0515286FE6570019C842 /* Frameworks */ = {
			isa = PBXFrameworksBuildPhase;
			buildActionMask = 2147483647;
			files = (
				23C7586228AC7842007528CE /* QRCode in Frameworks */,
			);
			runOnlyForDeploymentPostprocessing = 0;
		};
		23C64A57282F448D0094E093 /* Frameworks */ = {
			isa = PBXFrameworksBuildPhase;
			buildActionMask = 2147483647;
			files = (
				239FBAE728A638E3002F74AC /* QRCode in Frameworks */,
			);
			runOnlyForDeploymentPostprocessing = 0;
		};
		23F8AE62273A493A00ED6288 /* Frameworks */ = {
			isa = PBXFrameworksBuildPhase;
			buildActionMask = 2147483647;
			files = (
				239FBAE128A638C2002F74AC /* QRCode in Frameworks */,
			);
			runOnlyForDeploymentPostprocessing = 0;
		};
/* End PBXFrameworksBuildPhase section */

/* Begin PBXGroup section */
		2322B09C276348300085B5EB /* QRCode WatchOS Demo WatchKit App */ = {
			isa = PBXGroup;
			children = (
				2322B09D276348310085B5EB /* Assets.xcassets */,
			);
			path = "QRCode WatchOS Demo WatchKit App";
			sourceTree = "<group>";
		};
		2322B0A7276348310085B5EB /* QRCode WatchOS Demo WatchKit Extension */ = {
			isa = PBXGroup;
			children = (
				2322B0A8276348310085B5EB /* ContentView.swift */,
				2322B0AA276348310085B5EB /* QRCodeView_DemoApp.swift */,
				2322B0AC276348310085B5EB /* ComplicationController.swift */,
				2322B0AE276348320085B5EB /* Assets.xcassets */,
				2322B0B3276348320085B5EB /* Info.plist */,
				2322B0B0276348320085B5EB /* Preview Content */,
			);
			path = "QRCode WatchOS Demo WatchKit Extension";
			sourceTree = "<group>";
		};
		2322B0B0276348320085B5EB /* Preview Content */ = {
			isa = PBXGroup;
			children = (
				2322B0B1276348320085B5EB /* Preview Assets.xcassets */,
			);
			path = "Preview Content";
			sourceTree = "<group>";
		};
		2348FB5B273A2DDB004DB2BF = {
			isa = PBXGroup;
			children = (
				23638EAB2887D0F60057A190 /* QRCode Playground.playground */,
				234DE7042745D72D00EC7FD2 /* QRCode */,
				2348FB66273A2DDB004DB2BF /* QRCodeView Demo */,
				2348FB7F273A2EF3004DB2BF /* QRCodeView iOS Demo */,
				2348FBB3273A311F004DB2BF /* QRCodeView SwiftUI Demo */,
				23F8AE66273A493A00ED6288 /* QRCodeView ObjC Demo */,
				2322B09C276348300085B5EB /* QRCode WatchOS Demo WatchKit App */,
				2322B0A7276348310085B5EB /* QRCode WatchOS Demo WatchKit Extension */,
				23C64A5B282F448D0094E093 /* QRCodeView Documentation Images */,
				236A0504286FE1960019C842 /* macOS QRCode Detector */,
				236A0519286FE6570019C842 /* iOS QRCode Detector */,
				2348FB65273A2DDB004DB2BF /* Products */,
				2348FB77273A2DF5004DB2BF /* Frameworks */,
			);
			sourceTree = "<group>";
		};
		2348FB65273A2DDB004DB2BF /* Products */ = {
			isa = PBXGroup;
			children = (
				2348FB64273A2DDB004DB2BF /* QRCodeView Demo.app */,
				2348FB7E273A2EF3004DB2BF /* QRCodeView iOS Demo.app */,
				2348FB9F273A310A004DB2BF /* QRCodeView SwiftUI Demo iOS.app */,
				2348FBA4273A310A004DB2BF /* QRCodeView SwiftUI Demo.app */,
				23F8AE65273A493A00ED6288 /* QRCodeView ObjC Demo.app */,
				2322B095276348300085B5EB /* QRCode WatchOS Demo.app */,
				2322B098276348300085B5EB /* QRCode WatchOS Demo WatchKit App.app */,
				2322B0A3276348310085B5EB /* QRCode WatchOS Demo WatchKit Extension.appex */,
				23C64A5A282F448D0094E093 /* QRCodeView Documentation Images.app */,
				236A0503286FE1960019C842 /* macOS QRCode Detector.app */,
				236A0518286FE6570019C842 /* iOS QRCode Detector.app */,
			);
			name = Products;
			sourceTree = "<group>";
		};
		2348FB66273A2DDB004DB2BF /* QRCodeView Demo */ = {
			isa = PBXGroup;
			children = (
				2348FB67273A2DDB004DB2BF /* AppDelegate.swift */,
				2348FB69273A2DDB004DB2BF /* ViewController.swift */,
				2348FB6B273A2DDC004DB2BF /* Assets.xcassets */,
				2348FB6D273A2DDC004DB2BF /* Main.storyboard */,
				2348FB70273A2DDC004DB2BF /* QRCodeView_Demo.entitlements */,
			);
			path = "QRCodeView Demo";
			sourceTree = "<group>";
		};
		2348FB77273A2DF5004DB2BF /* Frameworks */ = {
			isa = PBXGroup;
			children = (
			);
			name = Frameworks;
			sourceTree = "<group>";
		};
		2348FB7F273A2EF3004DB2BF /* QRCodeView iOS Demo */ = {
			isa = PBXGroup;
			children = (
				2348FB92273A2EF7004DB2BF /* QRCodeView iOS Demo.entitlements */,
				2348FB80273A2EF3004DB2BF /* AppDelegate.swift */,
				2348FB82273A2EF3004DB2BF /* SceneDelegate.swift */,
				2348FB84273A2EF3004DB2BF /* ViewController.swift */,
				2348FB86273A2EF3004DB2BF /* Main.storyboard */,
				2348FB89273A2EF4004DB2BF /* Assets.xcassets */,
				2348FB8B273A2EF4004DB2BF /* LaunchScreen.storyboard */,
				2348FB8E273A2EF4004DB2BF /* Info.plist */,
			);
			path = "QRCodeView iOS Demo";
			sourceTree = "<group>";
		};
		2348FB97273A3109004DB2BF /* Shared */ = {
			isa = PBXGroup;
			children = (
				2348FB98273A3109004DB2BF /* QRCodeView_SwiftUI_DemoApp.swift */,
				2348FB9A273A310A004DB2BF /* Assets.xcassets */,
				237E3FFF274F08AE003E5E24 /* Shared.swift */,
			);
			path = Shared;
			sourceTree = "<group>";
		};
		2348FBA5273A310A004DB2BF /* macOS */ = {
			isa = PBXGroup;
			children = (
				2348FB99273A3109004DB2BF /* ContentView.swift */,
				2348FBA6273A310A004DB2BF /* macOS.entitlements */,
			);
			path = macOS;
			sourceTree = "<group>";
		};
		2348FBB3273A311F004DB2BF /* QRCodeView SwiftUI Demo */ = {
			isa = PBXGroup;
			children = (
				2348FBB4273A3183004DB2BF /* iOS */,
				2348FB97273A3109004DB2BF /* Shared */,
				2348FBA5273A310A004DB2BF /* macOS */,
			);
			path = "QRCodeView SwiftUI Demo";
			sourceTree = "<group>";
		};
		2348FBB4273A3183004DB2BF /* iOS */ = {
			isa = PBXGroup;
			children = (
				235F82742741F1B300E81D98 /* ContentView.swift */,
			);
			path = iOS;
			sourceTree = "<group>";
		};
		236A0504286FE1960019C842 /* macOS QRCode Detector */ = {
			isa = PBXGroup;
			children = (
				236A0505286FE1960019C842 /* AppDelegate.swift */,
				236A0507286FE1960019C842 /* ViewController.swift */,
				236A0509286FE1970019C842 /* Assets.xcassets */,
				236A050B286FE1970019C842 /* Main.storyboard */,
				236A050E286FE1970019C842 /* macOS_QRCode_Detector.entitlements */,
			);
			path = "macOS QRCode Detector";
			sourceTree = "<group>";
		};
		236A0519286FE6570019C842 /* iOS QRCode Detector */ = {
			isa = PBXGroup;
			children = (
				236A051A286FE6570019C842 /* AppDelegate.swift */,
				236A051C286FE6570019C842 /* SceneDelegate.swift */,
				236A051E286FE6570019C842 /* ViewController.swift */,
				236A0520286FE6570019C842 /* Main.storyboard */,
				236A0523286FE6580019C842 /* Assets.xcassets */,
				236A0525286FE6580019C842 /* LaunchScreen.storyboard */,
				236A0528286FE6580019C842 /* Info.plist */,
			);
			path = "iOS QRCode Detector";
			sourceTree = "<group>";
		};
		23C64A5B282F448D0094E093 /* QRCodeView Documentation Images */ = {
			isa = PBXGroup;
			children = (
				23C64A5C282F448D0094E093 /* AppDelegate.swift */,
				23C64A5E282F448D0094E093 /* ViewController.swift */,
				23C64A60282F448E0094E093 /* Assets.xcassets */,
				23C64A62282F448E0094E093 /* Main.storyboard */,
				23C64A65282F448E0094E093 /* QRCodeView_Documentation_Images.entitlements */,
			);
			path = "QRCodeView Documentation Images";
			sourceTree = "<group>";
		};
		23F8AE66273A493A00ED6288 /* QRCodeView ObjC Demo */ = {
			isa = PBXGroup;
			children = (
				23F8AE67273A493B00ED6288 /* AppDelegate.h */,
				23F8AE68273A493B00ED6288 /* AppDelegate.m */,
				23F8AE6A273A493B00ED6288 /* ViewController.h */,
				23F8AE6B273A493B00ED6288 /* ViewController.m */,
				23F8AE6D273A493C00ED6288 /* Assets.xcassets */,
				23F8AE6F273A493C00ED6288 /* Main.storyboard */,
				23F8AE72273A493C00ED6288 /* main.m */,
				23F8AE74273A493C00ED6288 /* QRCodeView_ObjC_Demo.entitlements */,
			);
			path = "QRCodeView ObjC Demo";
			sourceTree = "<group>";
		};
/* End PBXGroup section */

/* Begin PBXNativeTarget section */
		2322B094276348300085B5EB /* QRCode WatchOS Demo */ = {
			isa = PBXNativeTarget;
			buildConfigurationList = 2322B0BE276348320085B5EB /* Build configuration list for PBXNativeTarget "QRCode WatchOS Demo" */;
			buildPhases = (
				2322B093276348300085B5EB /* Resources */,
				2322B0B6276348320085B5EB /* Embed Watch Content */,
			);
			buildRules = (
			);
			dependencies = (
				2322B09B276348300085B5EB /* PBXTargetDependency */,
			);
			name = "QRCode WatchOS Demo";
			productName = "QRCode WatchOS Demo";
			productReference = 2322B095276348300085B5EB /* QRCode WatchOS Demo.app */;
			productType = "com.apple.product-type.application.watchapp2-container";
		};
		2322B097276348300085B5EB /* QRCode WatchOS Demo WatchKit App */ = {
			isa = PBXNativeTarget;
			buildConfigurationList = 2322B0BD276348320085B5EB /* Build configuration list for PBXNativeTarget "QRCode WatchOS Demo WatchKit App" */;
			buildPhases = (
				2322B096276348300085B5EB /* Resources */,
				2322B0B9276348320085B5EB /* Embed App Extensions */,
			);
			buildRules = (
			);
			dependencies = (
				2322B0A6276348310085B5EB /* PBXTargetDependency */,
			);
			name = "QRCode WatchOS Demo WatchKit App";
			productName = "QRCode WatchOS Demo WatchKit App";
			productReference = 2322B098276348300085B5EB /* QRCode WatchOS Demo WatchKit App.app */;
			productType = "com.apple.product-type.application.watchapp2";
		};
		2322B0A2276348310085B5EB /* QRCode WatchOS Demo WatchKit Extension */ = {
			isa = PBXNativeTarget;
			buildConfigurationList = 2322B0BC276348320085B5EB /* Build configuration list for PBXNativeTarget "QRCode WatchOS Demo WatchKit Extension" */;
			buildPhases = (
				2322B09F276348310085B5EB /* Sources */,
				2322B0A0276348310085B5EB /* Frameworks */,
				2322B0A1276348310085B5EB /* Resources */,
			);
			buildRules = (
			);
			dependencies = (
			);
			name = "QRCode WatchOS Demo WatchKit Extension";
			packageProductDependencies = (
				23C7585B28AC7420007528CE /* QRCodeExternal */,
			);
			productName = "QRCode WatchOS Demo WatchKit Extension";
			productReference = 2322B0A3276348310085B5EB /* QRCode WatchOS Demo WatchKit Extension.appex */;
			productType = "com.apple.product-type.watchkit2-extension";
		};
		2348FB63273A2DDB004DB2BF /* QRCodeView Demo */ = {
			isa = PBXNativeTarget;
			buildConfigurationList = 2348FB73273A2DDC004DB2BF /* Build configuration list for PBXNativeTarget "QRCodeView Demo" */;
			buildPhases = (
				2348FB60273A2DDB004DB2BF /* Sources */,
				2348FB61273A2DDB004DB2BF /* Frameworks */,
				2348FB62273A2DDB004DB2BF /* Resources */,
			);
			buildRules = (
			);
			dependencies = (
			);
			name = "QRCodeView Demo";
			packageProductDependencies = (
				239FBAE828A638FB002F74AC /* QRCode */,
			);
			productName = "QRCodeView Demo";
			productReference = 2348FB64273A2DDB004DB2BF /* QRCodeView Demo.app */;
			productType = "com.apple.product-type.application";
		};
		2348FB7D273A2EF3004DB2BF /* QRCodeView iOS Demo */ = {
			isa = PBXNativeTarget;
			buildConfigurationList = 2348FB8F273A2EF4004DB2BF /* Build configuration list for PBXNativeTarget "QRCodeView iOS Demo" */;
			buildPhases = (
				2348FB7A273A2EF3004DB2BF /* Sources */,
				2348FB7B273A2EF3004DB2BF /* Frameworks */,
				2348FB7C273A2EF3004DB2BF /* Resources */,
				2348FB96273A2F14004DB2BF /* Embed Frameworks */,
			);
			buildRules = (
			);
			dependencies = (
			);
			name = "QRCodeView iOS Demo";
			packageProductDependencies = (
				23C7586528AC78B8007528CE /* QRCodeDynamic */,
			);
			productName = "QRCodeView iOS Demo";
			productReference = 2348FB7E273A2EF3004DB2BF /* QRCodeView iOS Demo.app */;
			productType = "com.apple.product-type.application";
		};
		2348FB9E273A310A004DB2BF /* QRCodeView SwiftUI Demo (iOS) */ = {
			isa = PBXNativeTarget;
			buildConfigurationList = 2348FBAD273A310A004DB2BF /* Build configuration list for PBXNativeTarget "QRCodeView SwiftUI Demo (iOS)" */;
			buildPhases = (
				2348FB9B273A310A004DB2BF /* Sources */,
				2348FB9C273A310A004DB2BF /* Frameworks */,
				2348FB9D273A310A004DB2BF /* Resources */,
			);
			buildRules = (
			);
			dependencies = (
			);
			name = "QRCodeView SwiftUI Demo (iOS)";
			packageProductDependencies = (
				239FBAE428A638D8002F74AC /* QRCode */,
			);
			productName = "QRCodeView SwiftUI Demo (iOS)";
			productReference = 2348FB9F273A310A004DB2BF /* QRCodeView SwiftUI Demo iOS.app */;
			productType = "com.apple.product-type.application";
		};
		2348FBA3273A310A004DB2BF /* QRCodeView SwiftUI Demo (macOS) */ = {
			isa = PBXNativeTarget;
			buildConfigurationList = 2348FBB0273A310A004DB2BF /* Build configuration list for PBXNativeTarget "QRCodeView SwiftUI Demo (macOS)" */;
			buildPhases = (
				2348FBA0273A310A004DB2BF /* Sources */,
				2348FBA1273A310A004DB2BF /* Frameworks */,
				2348FBA2273A310A004DB2BF /* Resources */,
			);
			buildRules = (
			);
			dependencies = (
			);
			name = "QRCodeView SwiftUI Demo (macOS)";
			packageProductDependencies = (
				239FBAE228A638CA002F74AC /* QRCode */,
			);
			productName = "QRCodeView SwiftUI Demo (macOS)";
			productReference = 2348FBA4273A310A004DB2BF /* QRCodeView SwiftUI Demo.app */;
			productType = "com.apple.product-type.application";
		};
		236A0502286FE1960019C842 /* macOS QRCode Detector */ = {
			isa = PBXNativeTarget;
			buildConfigurationList = 236A0511286FE1970019C842 /* Build configuration list for PBXNativeTarget "macOS QRCode Detector" */;
			buildPhases = (
				236A04FF286FE1960019C842 /* Sources */,
				236A0500286FE1960019C842 /* Frameworks */,
				236A0501286FE1960019C842 /* Resources */,
			);
			buildRules = (
			);
			dependencies = (
			);
			name = "macOS QRCode Detector";
			packageProductDependencies = (
				23C7585F28AC77E3007528CE /* QRCode */,
			);
			productName = "macOS QRCode Detector";
			productReference = 236A0503286FE1960019C842 /* macOS QRCode Detector.app */;
			productType = "com.apple.product-type.application";
		};
		236A0517286FE6570019C842 /* iOS QRCode Detector */ = {
			isa = PBXNativeTarget;
			buildConfigurationList = 236A0529286FE6580019C842 /* Build configuration list for PBXNativeTarget "iOS QRCode Detector" */;
			buildPhases = (
				236A0514286FE6570019C842 /* Sources */,
				236A0515286FE6570019C842 /* Frameworks */,
				236A0516286FE6570019C842 /* Resources */,
			);
			buildRules = (
			);
			dependencies = (
			);
			name = "iOS QRCode Detector";
			packageProductDependencies = (
				23C7586128AC7842007528CE /* QRCode */,
			);
			productName = "iOS QRCode Detector";
			productReference = 236A0518286FE6570019C842 /* iOS QRCode Detector.app */;
			productType = "com.apple.product-type.application";
		};
		23C64A59282F448D0094E093 /* QRCodeView Documentation Images */ = {
			isa = PBXNativeTarget;
			buildConfigurationList = 23C64A68282F448E0094E093 /* Build configuration list for PBXNativeTarget "QRCodeView Documentation Images" */;
			buildPhases = (
				23C64A56282F448D0094E093 /* Sources */,
				23C64A57282F448D0094E093 /* Frameworks */,
				23C64A58282F448D0094E093 /* Resources */,
			);
			buildRules = (
			);
			dependencies = (
			);
			name = "QRCodeView Documentation Images";
			packageProductDependencies = (
				239FBAE628A638E3002F74AC /* QRCode */,
			);
			productName = "QRCodeView Documentation Images";
			productReference = 23C64A5A282F448D0094E093 /* QRCodeView Documentation Images.app */;
			productType = "com.apple.product-type.application";
		};
		23F8AE64273A493A00ED6288 /* QRCodeView ObjC Demo */ = {
			isa = PBXNativeTarget;
			buildConfigurationList = 23F8AE77273A493C00ED6288 /* Build configuration list for PBXNativeTarget "QRCodeView ObjC Demo" */;
			buildPhases = (
				23F8AE61273A493A00ED6288 /* Sources */,
				23F8AE62273A493A00ED6288 /* Frameworks */,
				23F8AE63273A493A00ED6288 /* Resources */,
			);
			buildRules = (
			);
			dependencies = (
			);
			name = "QRCodeView ObjC Demo";
			packageProductDependencies = (
				239FBAE028A638C2002F74AC /* QRCode */,
			);
			productName = "QRCodeView ObjC Demo";
			productReference = 23F8AE65273A493A00ED6288 /* QRCodeView ObjC Demo.app */;
			productType = "com.apple.product-type.application";
		};
/* End PBXNativeTarget section */

/* Begin PBXProject section */
		2348FB5C273A2DDB004DB2BF /* Project object */ = {
			isa = PBXProject;
			attributes = {
				BuildIndependentTargetsInParallel = 1;
				LastSwiftUpdateCheck = 1340;
				LastUpgradeCheck = 1310;
				TargetAttributes = {
					2322B094276348300085B5EB = {
						CreatedOnToolsVersion = 13.1;
					};
					2322B097276348300085B5EB = {
						CreatedOnToolsVersion = 13.1;
					};
					2322B0A2276348310085B5EB = {
						CreatedOnToolsVersion = 13.1;
					};
					2345F6D227488AC40087569B = {
						CreatedOnToolsVersion = 13.1;
					};
					2348FB63273A2DDB004DB2BF = {
						CreatedOnToolsVersion = 13.1;
					};
					2348FB7D273A2EF3004DB2BF = {
						CreatedOnToolsVersion = 13.1;
					};
					2348FB9E273A310A004DB2BF = {
						CreatedOnToolsVersion = 13.1;
					};
					2348FBA3273A310A004DB2BF = {
						CreatedOnToolsVersion = 13.1;
					};
					236A0502286FE1960019C842 = {
						CreatedOnToolsVersion = 13.4.1;
					};
					236A0517286FE6570019C842 = {
						CreatedOnToolsVersion = 13.4.1;
					};
					236B0438274B5DEA004F0146 = {
						CreatedOnToolsVersion = 13.1;
					};
					23C64A59282F448D0094E093 = {
						CreatedOnToolsVersion = 13.3.1;
					};
					23F8AE64273A493A00ED6288 = {
						CreatedOnToolsVersion = 13.1;
					};
				};
			};
			buildConfigurationList = 2348FB5F273A2DDB004DB2BF /* Build configuration list for PBXProject "QRCodeView Demo" */;
			compatibilityVersion = "Xcode 13.0";
			developmentRegion = en;
			hasScannedForEncodings = 0;
			knownRegions = (
				en,
				Base,
			);
			mainGroup = 2348FB5B273A2DDB004DB2BF;
			productRefGroup = 2348FB65273A2DDB004DB2BF /* Products */;
			projectDirPath = "";
			projectRoot = "";
			targets = (
				2348FB63273A2DDB004DB2BF /* QRCodeView Demo */,
				2348FB7D273A2EF3004DB2BF /* QRCodeView iOS Demo */,
				2348FB9E273A310A004DB2BF /* QRCodeView SwiftUI Demo (iOS) */,
				2348FBA3273A310A004DB2BF /* QRCodeView SwiftUI Demo (macOS) */,
				23F8AE64273A493A00ED6288 /* QRCodeView ObjC Demo */,
				2345F6D227488AC40087569B /* All macOS */,
				236B0438274B5DEA004F0146 /* All iOS */,
				2322B094276348300085B5EB /* QRCode WatchOS Demo */,
				2322B097276348300085B5EB /* QRCode WatchOS Demo WatchKit App */,
				2322B0A2276348310085B5EB /* QRCode WatchOS Demo WatchKit Extension */,
				23C64A59282F448D0094E093 /* QRCodeView Documentation Images */,
				236A0502286FE1960019C842 /* macOS QRCode Detector */,
				236A0517286FE6570019C842 /* iOS QRCode Detector */,
			);
		};
/* End PBXProject section */

/* Begin PBXResourcesBuildPhase section */
		2322B093276348300085B5EB /* Resources */ = {
			isa = PBXResourcesBuildPhase;
			buildActionMask = 2147483647;
			files = (
			);
			runOnlyForDeploymentPostprocessing = 0;
		};
		2322B096276348300085B5EB /* Resources */ = {
			isa = PBXResourcesBuildPhase;
			buildActionMask = 2147483647;
			files = (
				2322B09E276348310085B5EB /* Assets.xcassets in Resources */,
			);
			runOnlyForDeploymentPostprocessing = 0;
		};
		2322B0A1276348310085B5EB /* Resources */ = {
			isa = PBXResourcesBuildPhase;
			buildActionMask = 2147483647;
			files = (
				2322B0B2276348320085B5EB /* Preview Assets.xcassets in Resources */,
				2322B0AF276348320085B5EB /* Assets.xcassets in Resources */,
			);
			runOnlyForDeploymentPostprocessing = 0;
		};
		2348FB62273A2DDB004DB2BF /* Resources */ = {
			isa = PBXResourcesBuildPhase;
			buildActionMask = 2147483647;
			files = (
				2348FB6C273A2DDC004DB2BF /* Assets.xcassets in Resources */,
				2348FB6F273A2DDC004DB2BF /* Main.storyboard in Resources */,
			);
			runOnlyForDeploymentPostprocessing = 0;
		};
		2348FB7C273A2EF3004DB2BF /* Resources */ = {
			isa = PBXResourcesBuildPhase;
			buildActionMask = 2147483647;
			files = (
				2348FB8D273A2EF4004DB2BF /* LaunchScreen.storyboard in Resources */,
				2348FB8A273A2EF4004DB2BF /* Assets.xcassets in Resources */,
				2348FB88273A2EF3004DB2BF /* Main.storyboard in Resources */,
			);
			runOnlyForDeploymentPostprocessing = 0;
		};
		2348FB9D273A310A004DB2BF /* Resources */ = {
			isa = PBXResourcesBuildPhase;
			buildActionMask = 2147483647;
			files = (
				2348FBAB273A310A004DB2BF /* Assets.xcassets in Resources */,
			);
			runOnlyForDeploymentPostprocessing = 0;
		};
		2348FBA2273A310A004DB2BF /* Resources */ = {
			isa = PBXResourcesBuildPhase;
			buildActionMask = 2147483647;
			files = (
				2348FBAC273A310A004DB2BF /* Assets.xcassets in Resources */,
			);
			runOnlyForDeploymentPostprocessing = 0;
		};
		236A0501286FE1960019C842 /* Resources */ = {
			isa = PBXResourcesBuildPhase;
			buildActionMask = 2147483647;
			files = (
				236A050A286FE1970019C842 /* Assets.xcassets in Resources */,
				236A050D286FE1970019C842 /* Main.storyboard in Resources */,
			);
			runOnlyForDeploymentPostprocessing = 0;
		};
		236A0516286FE6570019C842 /* Resources */ = {
			isa = PBXResourcesBuildPhase;
			buildActionMask = 2147483647;
			files = (
				236A0527286FE6580019C842 /* LaunchScreen.storyboard in Resources */,
				236A0524286FE6580019C842 /* Assets.xcassets in Resources */,
				236A0522286FE6570019C842 /* Main.storyboard in Resources */,
			);
			runOnlyForDeploymentPostprocessing = 0;
		};
		23C64A58282F448D0094E093 /* Resources */ = {
			isa = PBXResourcesBuildPhase;
			buildActionMask = 2147483647;
			files = (
				23C64A61282F448E0094E093 /* Assets.xcassets in Resources */,
				23C64A64282F448E0094E093 /* Main.storyboard in Resources */,
			);
			runOnlyForDeploymentPostprocessing = 0;
		};
		23F8AE63273A493A00ED6288 /* Resources */ = {
			isa = PBXResourcesBuildPhase;
			buildActionMask = 2147483647;
			files = (
				23F8AE6E273A493C00ED6288 /* Assets.xcassets in Resources */,
				23F8AE71273A493C00ED6288 /* Main.storyboard in Resources */,
			);
			runOnlyForDeploymentPostprocessing = 0;
		};
/* End PBXResourcesBuildPhase section */

/* Begin PBXSourcesBuildPhase section */
		2322B09F276348310085B5EB /* Sources */ = {
			isa = PBXSourcesBuildPhase;
			buildActionMask = 2147483647;
			files = (
				2322B0A9276348310085B5EB /* ContentView.swift in Sources */,
				2322B0AB276348310085B5EB /* QRCodeView_DemoApp.swift in Sources */,
				2322B0AD276348310085B5EB /* ComplicationController.swift in Sources */,
			);
			runOnlyForDeploymentPostprocessing = 0;
		};
		2348FB60273A2DDB004DB2BF /* Sources */ = {
			isa = PBXSourcesBuildPhase;
			buildActionMask = 2147483647;
			files = (
				2348FB6A273A2DDB004DB2BF /* ViewController.swift in Sources */,
				2348FB68273A2DDB004DB2BF /* AppDelegate.swift in Sources */,
			);
			runOnlyForDeploymentPostprocessing = 0;
		};
		2348FB7A273A2EF3004DB2BF /* Sources */ = {
			isa = PBXSourcesBuildPhase;
			buildActionMask = 2147483647;
			files = (
				2348FB85273A2EF3004DB2BF /* ViewController.swift in Sources */,
				2348FB81273A2EF3004DB2BF /* AppDelegate.swift in Sources */,
				2348FB83273A2EF3004DB2BF /* SceneDelegate.swift in Sources */,
			);
			runOnlyForDeploymentPostprocessing = 0;
		};
		2348FB9B273A310A004DB2BF /* Sources */ = {
			isa = PBXSourcesBuildPhase;
			buildActionMask = 2147483647;
			files = (
				237E4000274F08AE003E5E24 /* Shared.swift in Sources */,
				235F82752741F1B300E81D98 /* ContentView.swift in Sources */,
				2348FBA7273A310A004DB2BF /* QRCodeView_SwiftUI_DemoApp.swift in Sources */,
			);
			runOnlyForDeploymentPostprocessing = 0;
		};
		2348FBA0273A310A004DB2BF /* Sources */ = {
			isa = PBXSourcesBuildPhase;
			buildActionMask = 2147483647;
			files = (
				237E4001274F08AE003E5E24 /* Shared.swift in Sources */,
				2348FBAA273A310A004DB2BF /* ContentView.swift in Sources */,
				2348FBA8273A310A004DB2BF /* QRCodeView_SwiftUI_DemoApp.swift in Sources */,
			);
			runOnlyForDeploymentPostprocessing = 0;
		};
		236A04FF286FE1960019C842 /* Sources */ = {
			isa = PBXSourcesBuildPhase;
			buildActionMask = 2147483647;
			files = (
				236A0508286FE1960019C842 /* ViewController.swift in Sources */,
				236A0506286FE1960019C842 /* AppDelegate.swift in Sources */,
			);
			runOnlyForDeploymentPostprocessing = 0;
		};
		236A0514286FE6570019C842 /* Sources */ = {
			isa = PBXSourcesBuildPhase;
			buildActionMask = 2147483647;
			files = (
				236A051F286FE6570019C842 /* ViewController.swift in Sources */,
				236A051B286FE6570019C842 /* AppDelegate.swift in Sources */,
				236A051D286FE6570019C842 /* SceneDelegate.swift in Sources */,
			);
			runOnlyForDeploymentPostprocessing = 0;
		};
		23C64A56282F448D0094E093 /* Sources */ = {
			isa = PBXSourcesBuildPhase;
			buildActionMask = 2147483647;
			files = (
				23C64A5F282F448D0094E093 /* ViewController.swift in Sources */,
				23C64A5D282F448D0094E093 /* AppDelegate.swift in Sources */,
			);
			runOnlyForDeploymentPostprocessing = 0;
		};
		23F8AE61273A493A00ED6288 /* Sources */ = {
			isa = PBXSourcesBuildPhase;
			buildActionMask = 2147483647;
			files = (
				23F8AE6C273A493B00ED6288 /* ViewController.m in Sources */,
				23F8AE73273A493C00ED6288 /* main.m in Sources */,
				23F8AE69273A493B00ED6288 /* AppDelegate.m in Sources */,
			);
			runOnlyForDeploymentPostprocessing = 0;
		};
/* End PBXSourcesBuildPhase section */

/* Begin PBXTargetDependency section */
		2322B09B276348300085B5EB /* PBXTargetDependency */ = {
			isa = PBXTargetDependency;
			target = 2322B097276348300085B5EB /* QRCode WatchOS Demo WatchKit App */;
			targetProxy = 2322B09A276348300085B5EB /* PBXContainerItemProxy */;
		};
		2322B0A6276348310085B5EB /* PBXTargetDependency */ = {
			isa = PBXTargetDependency;
			target = 2322B0A2276348310085B5EB /* QRCode WatchOS Demo WatchKit Extension */;
			targetProxy = 2322B0A5276348310085B5EB /* PBXContainerItemProxy */;
		};
		2345F6D727488ADA0087569B /* PBXTargetDependency */ = {
			isa = PBXTargetDependency;
			target = 2348FB63273A2DDB004DB2BF /* QRCodeView Demo */;
			targetProxy = 2345F6D627488ADA0087569B /* PBXContainerItemProxy */;
		};
		2345F6D927488ADA0087569B /* PBXTargetDependency */ = {
			isa = PBXTargetDependency;
			target = 23F8AE64273A493A00ED6288 /* QRCodeView ObjC Demo */;
			targetProxy = 2345F6D827488ADA0087569B /* PBXContainerItemProxy */;
		};
		2345F6DD27488ADA0087569B /* PBXTargetDependency */ = {
			isa = PBXTargetDependency;
			target = 2348FBA3273A310A004DB2BF /* QRCodeView SwiftUI Demo (macOS) */;
			targetProxy = 2345F6DC27488ADA0087569B /* PBXContainerItemProxy */;
		};
		2345F6DF27488ADA0087569B /* PBXTargetDependency */ = {
			isa = PBXTargetDependency;
			target = 2348FB7D273A2EF3004DB2BF /* QRCodeView iOS Demo */;
			targetProxy = 2345F6DE27488ADA0087569B /* PBXContainerItemProxy */;
		};
		2345F6E1274890860087569B /* PBXTargetDependency */ = {
			isa = PBXTargetDependency;
			target = 2348FB9E273A310A004DB2BF /* QRCodeView SwiftUI Demo (iOS) */;
			targetProxy = 2345F6E0274890860087569B /* PBXContainerItemProxy */;
		};
		236B043D274B5DFA004F0146 /* PBXTargetDependency */ = {
			isa = PBXTargetDependency;
			target = 2348FB9E273A310A004DB2BF /* QRCodeView SwiftUI Demo (iOS) */;
			targetProxy = 236B043C274B5DFA004F0146 /* PBXContainerItemProxy */;
		};
		236B043F274B5DFA004F0146 /* PBXTargetDependency */ = {
			isa = PBXTargetDependency;
			target = 2348FB7D273A2EF3004DB2BF /* QRCodeView iOS Demo */;
			targetProxy = 236B043E274B5DFA004F0146 /* PBXContainerItemProxy */;
		};
		23C64A70282F67930094E093 /* PBXTargetDependency */ = {
			isa = PBXTargetDependency;
			target = 23C64A59282F448D0094E093 /* QRCodeView Documentation Images */;
			targetProxy = 23C64A6F282F67930094E093 /* PBXContainerItemProxy */;
		};
/* End PBXTargetDependency section */

/* Begin PBXVariantGroup section */
		2348FB6D273A2DDC004DB2BF /* Main.storyboard */ = {
			isa = PBXVariantGroup;
			children = (
				2348FB6E273A2DDC004DB2BF /* Base */,
			);
			name = Main.storyboard;
			sourceTree = "<group>";
		};
		2348FB86273A2EF3004DB2BF /* Main.storyboard */ = {
			isa = PBXVariantGroup;
			children = (
				2348FB87273A2EF3004DB2BF /* Base */,
			);
			name = Main.storyboard;
			sourceTree = "<group>";
		};
		2348FB8B273A2EF4004DB2BF /* LaunchScreen.storyboard */ = {
			isa = PBXVariantGroup;
			children = (
				2348FB8C273A2EF4004DB2BF /* Base */,
			);
			name = LaunchScreen.storyboard;
			sourceTree = "<group>";
		};
		236A050B286FE1970019C842 /* Main.storyboard */ = {
			isa = PBXVariantGroup;
			children = (
				236A050C286FE1970019C842 /* Base */,
			);
			name = Main.storyboard;
			sourceTree = "<group>";
		};
		236A0520286FE6570019C842 /* Main.storyboard */ = {
			isa = PBXVariantGroup;
			children = (
				236A0521286FE6570019C842 /* Base */,
			);
			name = Main.storyboard;
			sourceTree = "<group>";
		};
		236A0525286FE6580019C842 /* LaunchScreen.storyboard */ = {
			isa = PBXVariantGroup;
			children = (
				236A0526286FE6580019C842 /* Base */,
			);
			name = LaunchScreen.storyboard;
			sourceTree = "<group>";
		};
		23C64A62282F448E0094E093 /* Main.storyboard */ = {
			isa = PBXVariantGroup;
			children = (
				23C64A63282F448E0094E093 /* Base */,
			);
			name = Main.storyboard;
			sourceTree = "<group>";
		};
		23F8AE6F273A493C00ED6288 /* Main.storyboard */ = {
			isa = PBXVariantGroup;
			children = (
				23F8AE70273A493C00ED6288 /* Base */,
			);
			name = Main.storyboard;
			sourceTree = "<group>";
		};
/* End PBXVariantGroup section */

/* Begin XCBuildConfiguration section */
		2322B0B4276348320085B5EB /* Debug */ = {
			isa = XCBuildConfiguration;
			buildSettings = {
				CODE_SIGN_STYLE = Automatic;
				CURRENT_PROJECT_VERSION = 1;
				DEVELOPMENT_TEAM = 3L6RK3LGGW;
				MARKETING_VERSION = 1.0;
				PRODUCT_BUNDLE_IDENTIFIER = "com.dagronf.qrcode.QRCode-WatchOS-Demo";
				PRODUCT_NAME = "$(TARGET_NAME)";
				SDKROOT = iphoneos;
				SWIFT_VERSION = 5.0;
			};
			name = Debug;
		};
		2322B0B5276348320085B5EB /* Release */ = {
			isa = XCBuildConfiguration;
			buildSettings = {
				CODE_SIGN_STYLE = Automatic;
				CURRENT_PROJECT_VERSION = 1;
				DEVELOPMENT_TEAM = 3L6RK3LGGW;
				MARKETING_VERSION = 1.0;
				PRODUCT_BUNDLE_IDENTIFIER = "com.dagronf.qrcode.QRCode-WatchOS-Demo";
				PRODUCT_NAME = "$(TARGET_NAME)";
				SDKROOT = iphoneos;
				SWIFT_VERSION = 5.0;
				VALIDATE_PRODUCT = YES;
			};
			name = Release;
		};
		2322B0B7276348320085B5EB /* Debug */ = {
			isa = XCBuildConfiguration;
			buildSettings = {
				ALWAYS_EMBED_SWIFT_STANDARD_LIBRARIES = YES;
				ASSETCATALOG_COMPILER_APPICON_NAME = AppIcon;
				ASSETCATALOG_COMPILER_GLOBAL_ACCENT_COLOR_NAME = AccentColor;
				CODE_SIGN_STYLE = Automatic;
				CURRENT_PROJECT_VERSION = 1;
				DEVELOPMENT_TEAM = 3L6RK3LGGW;
				GENERATE_INFOPLIST_FILE = YES;
				IBSC_MODULE = QRCode_WatchOS_Demo_WatchKit_Extension;
				INFOPLIST_KEY_CFBundleDisplayName = "QRCode WatchOS Demo WatchKit App";
				INFOPLIST_KEY_UISupportedInterfaceOrientations = "UIInterfaceOrientationPortrait UIInterfaceOrientationPortraitUpsideDown";
				MARKETING_VERSION = 1.0;
				PRODUCT_BUNDLE_IDENTIFIER = "com.dagronf.qrcode.QRCode-WatchOS-Demo.watchkitapp";
				PRODUCT_NAME = "$(TARGET_NAME)";
				SDKROOT = watchos;
				SKIP_INSTALL = YES;
				SWIFT_EMIT_LOC_STRINGS = YES;
				SWIFT_VERSION = 5.0;
				TARGETED_DEVICE_FAMILY = 4;
				WATCHOS_DEPLOYMENT_TARGET = 6.0;
			};
			name = Debug;
		};
		2322B0B8276348320085B5EB /* Release */ = {
			isa = XCBuildConfiguration;
			buildSettings = {
				ALWAYS_EMBED_SWIFT_STANDARD_LIBRARIES = YES;
				ASSETCATALOG_COMPILER_APPICON_NAME = AppIcon;
				ASSETCATALOG_COMPILER_GLOBAL_ACCENT_COLOR_NAME = AccentColor;
				CODE_SIGN_STYLE = Automatic;
				CURRENT_PROJECT_VERSION = 1;
				DEVELOPMENT_TEAM = 3L6RK3LGGW;
				GENERATE_INFOPLIST_FILE = YES;
				IBSC_MODULE = QRCode_WatchOS_Demo_WatchKit_Extension;
				INFOPLIST_KEY_CFBundleDisplayName = "QRCode WatchOS Demo WatchKit App";
				INFOPLIST_KEY_UISupportedInterfaceOrientations = "UIInterfaceOrientationPortrait UIInterfaceOrientationPortraitUpsideDown";
				MARKETING_VERSION = 1.0;
				PRODUCT_BUNDLE_IDENTIFIER = "com.dagronf.qrcode.QRCode-WatchOS-Demo.watchkitapp";
				PRODUCT_NAME = "$(TARGET_NAME)";
				SDKROOT = watchos;
				SKIP_INSTALL = YES;
				SWIFT_EMIT_LOC_STRINGS = YES;
				SWIFT_VERSION = 5.0;
				TARGETED_DEVICE_FAMILY = 4;
				VALIDATE_PRODUCT = YES;
				WATCHOS_DEPLOYMENT_TARGET = 6.0;
			};
			name = Release;
		};
		2322B0BA276348320085B5EB /* Debug */ = {
			isa = XCBuildConfiguration;
			buildSettings = {
				ASSETCATALOG_COMPILER_COMPLICATION_NAME = Complication;
				CODE_SIGN_STYLE = Automatic;
				CURRENT_PROJECT_VERSION = 1;
				DEVELOPMENT_ASSET_PATHS = "\"QRCode WatchOS Demo WatchKit Extension/Preview Content\"";
				DEVELOPMENT_TEAM = 3L6RK3LGGW;
				ENABLE_PREVIEWS = YES;
				GENERATE_INFOPLIST_FILE = YES;
				INFOPLIST_FILE = "QRCode WatchOS Demo WatchKit Extension/Info.plist";
				INFOPLIST_KEY_CFBundleDisplayName = "QRCode WatchOS Demo WatchKit Extension";
				INFOPLIST_KEY_CLKComplicationPrincipalClass = "$(PRODUCT_MODULE_NAME).ComplicationController";
				INFOPLIST_KEY_NSHumanReadableCopyright = "";
				INFOPLIST_KEY_WKWatchOnly = YES;
				LD_RUNPATH_SEARCH_PATHS = (
					"$(inherited)",
					"@executable_path/Frameworks",
					"@executable_path/../../Frameworks",
				);
				MARKETING_VERSION = 1.0;
				PRODUCT_BUNDLE_IDENTIFIER = "com.dagronf.qrcode.QRCode-WatchOS-Demo.watchkitapp.watchkitextension";
				PRODUCT_NAME = "${TARGET_NAME}";
				SDKROOT = watchos;
				SKIP_INSTALL = YES;
				SWIFT_EMIT_LOC_STRINGS = YES;
				SWIFT_VERSION = 5.0;
				TARGETED_DEVICE_FAMILY = 4;
				WATCHOS_DEPLOYMENT_TARGET = 7.0;
			};
			name = Debug;
		};
		2322B0BB276348320085B5EB /* Release */ = {
			isa = XCBuildConfiguration;
			buildSettings = {
				ASSETCATALOG_COMPILER_COMPLICATION_NAME = Complication;
				CODE_SIGN_STYLE = Automatic;
				CURRENT_PROJECT_VERSION = 1;
				DEVELOPMENT_ASSET_PATHS = "\"QRCode WatchOS Demo WatchKit Extension/Preview Content\"";
				DEVELOPMENT_TEAM = 3L6RK3LGGW;
				ENABLE_PREVIEWS = YES;
				GENERATE_INFOPLIST_FILE = YES;
				INFOPLIST_FILE = "QRCode WatchOS Demo WatchKit Extension/Info.plist";
				INFOPLIST_KEY_CFBundleDisplayName = "QRCode WatchOS Demo WatchKit Extension";
				INFOPLIST_KEY_CLKComplicationPrincipalClass = "$(PRODUCT_MODULE_NAME).ComplicationController";
				INFOPLIST_KEY_NSHumanReadableCopyright = "";
				INFOPLIST_KEY_WKWatchOnly = YES;
				LD_RUNPATH_SEARCH_PATHS = (
					"$(inherited)",
					"@executable_path/Frameworks",
					"@executable_path/../../Frameworks",
				);
				MARKETING_VERSION = 1.0;
				PRODUCT_BUNDLE_IDENTIFIER = "com.dagronf.qrcode.QRCode-WatchOS-Demo.watchkitapp.watchkitextension";
				PRODUCT_NAME = "${TARGET_NAME}";
				SDKROOT = watchos;
				SKIP_INSTALL = YES;
				SWIFT_EMIT_LOC_STRINGS = YES;
				SWIFT_VERSION = 5.0;
				TARGETED_DEVICE_FAMILY = 4;
				VALIDATE_PRODUCT = YES;
				WATCHOS_DEPLOYMENT_TARGET = 7.0;
			};
			name = Release;
		};
		2345F6D327488AC40087569B /* Debug */ = {
			isa = XCBuildConfiguration;
			buildSettings = {
				CODE_SIGN_STYLE = Automatic;
				DEVELOPMENT_TEAM = 3L6RK3LGGW;
				PRODUCT_NAME = "$(TARGET_NAME)";
			};
			name = Debug;
		};
		2345F6D427488AC40087569B /* Release */ = {
			isa = XCBuildConfiguration;
			buildSettings = {
				CODE_SIGN_STYLE = Automatic;
				DEVELOPMENT_TEAM = 3L6RK3LGGW;
				PRODUCT_NAME = "$(TARGET_NAME)";
			};
			name = Release;
		};
		2348FB71273A2DDC004DB2BF /* Debug */ = {
			isa = XCBuildConfiguration;
			buildSettings = {
				ALWAYS_SEARCH_USER_PATHS = NO;
				CLANG_ANALYZER_NONNULL = YES;
				CLANG_ANALYZER_NUMBER_OBJECT_CONVERSION = YES_AGGRESSIVE;
				CLANG_CXX_LANGUAGE_STANDARD = "gnu++17";
				CLANG_CXX_LIBRARY = "libc++";
				CLANG_ENABLE_MODULES = YES;
				CLANG_ENABLE_OBJC_ARC = YES;
				CLANG_ENABLE_OBJC_WEAK = YES;
				CLANG_WARN_BLOCK_CAPTURE_AUTORELEASING = YES;
				CLANG_WARN_BOOL_CONVERSION = YES;
				CLANG_WARN_COMMA = YES;
				CLANG_WARN_CONSTANT_CONVERSION = YES;
				CLANG_WARN_DEPRECATED_OBJC_IMPLEMENTATIONS = YES;
				CLANG_WARN_DIRECT_OBJC_ISA_USAGE = YES_ERROR;
				CLANG_WARN_DOCUMENTATION_COMMENTS = YES;
				CLANG_WARN_EMPTY_BODY = YES;
				CLANG_WARN_ENUM_CONVERSION = YES;
				CLANG_WARN_INFINITE_RECURSION = YES;
				CLANG_WARN_INT_CONVERSION = YES;
				CLANG_WARN_NON_LITERAL_NULL_CONVERSION = YES;
				CLANG_WARN_OBJC_IMPLICIT_RETAIN_SELF = YES;
				CLANG_WARN_OBJC_LITERAL_CONVERSION = YES;
				CLANG_WARN_OBJC_ROOT_CLASS = YES_ERROR;
				CLANG_WARN_QUOTED_INCLUDE_IN_FRAMEWORK_HEADER = YES;
				CLANG_WARN_RANGE_LOOP_ANALYSIS = YES;
				CLANG_WARN_STRICT_PROTOTYPES = YES;
				CLANG_WARN_SUSPICIOUS_MOVE = YES;
				CLANG_WARN_UNGUARDED_AVAILABILITY = YES_AGGRESSIVE;
				CLANG_WARN_UNREACHABLE_CODE = YES;
				CLANG_WARN__DUPLICATE_METHOD_MATCH = YES;
				COPY_PHASE_STRIP = NO;
				DEBUG_INFORMATION_FORMAT = dwarf;
				ENABLE_STRICT_OBJC_MSGSEND = YES;
				ENABLE_TESTABILITY = YES;
				GCC_C_LANGUAGE_STANDARD = gnu11;
				GCC_DYNAMIC_NO_PIC = NO;
				GCC_NO_COMMON_BLOCKS = YES;
				GCC_OPTIMIZATION_LEVEL = 0;
				GCC_PREPROCESSOR_DEFINITIONS = (
					"DEBUG=1",
					"$(inherited)",
				);
				GCC_WARN_64_TO_32_BIT_CONVERSION = YES;
				GCC_WARN_ABOUT_RETURN_TYPE = YES_ERROR;
				GCC_WARN_UNDECLARED_SELECTOR = YES;
				GCC_WARN_UNINITIALIZED_AUTOS = YES_AGGRESSIVE;
				GCC_WARN_UNUSED_FUNCTION = YES;
				GCC_WARN_UNUSED_VARIABLE = YES;
				MACOSX_DEPLOYMENT_TARGET = 12.0;
				MTL_ENABLE_DEBUG_INFO = INCLUDE_SOURCE;
				MTL_FAST_MATH = YES;
				ONLY_ACTIVE_ARCH = YES;
				SDKROOT = macosx;
				SWIFT_ACTIVE_COMPILATION_CONDITIONS = DEBUG;
				SWIFT_OPTIMIZATION_LEVEL = "-Onone";
			};
			name = Debug;
		};
		2348FB72273A2DDC004DB2BF /* Release */ = {
			isa = XCBuildConfiguration;
			buildSettings = {
				ALWAYS_SEARCH_USER_PATHS = NO;
				CLANG_ANALYZER_NONNULL = YES;
				CLANG_ANALYZER_NUMBER_OBJECT_CONVERSION = YES_AGGRESSIVE;
				CLANG_CXX_LANGUAGE_STANDARD = "gnu++17";
				CLANG_CXX_LIBRARY = "libc++";
				CLANG_ENABLE_MODULES = YES;
				CLANG_ENABLE_OBJC_ARC = YES;
				CLANG_ENABLE_OBJC_WEAK = YES;
				CLANG_WARN_BLOCK_CAPTURE_AUTORELEASING = YES;
				CLANG_WARN_BOOL_CONVERSION = YES;
				CLANG_WARN_COMMA = YES;
				CLANG_WARN_CONSTANT_CONVERSION = YES;
				CLANG_WARN_DEPRECATED_OBJC_IMPLEMENTATIONS = YES;
				CLANG_WARN_DIRECT_OBJC_ISA_USAGE = YES_ERROR;
				CLANG_WARN_DOCUMENTATION_COMMENTS = YES;
				CLANG_WARN_EMPTY_BODY = YES;
				CLANG_WARN_ENUM_CONVERSION = YES;
				CLANG_WARN_INFINITE_RECURSION = YES;
				CLANG_WARN_INT_CONVERSION = YES;
				CLANG_WARN_NON_LITERAL_NULL_CONVERSION = YES;
				CLANG_WARN_OBJC_IMPLICIT_RETAIN_SELF = YES;
				CLANG_WARN_OBJC_LITERAL_CONVERSION = YES;
				CLANG_WARN_OBJC_ROOT_CLASS = YES_ERROR;
				CLANG_WARN_QUOTED_INCLUDE_IN_FRAMEWORK_HEADER = YES;
				CLANG_WARN_RANGE_LOOP_ANALYSIS = YES;
				CLANG_WARN_STRICT_PROTOTYPES = YES;
				CLANG_WARN_SUSPICIOUS_MOVE = YES;
				CLANG_WARN_UNGUARDED_AVAILABILITY = YES_AGGRESSIVE;
				CLANG_WARN_UNREACHABLE_CODE = YES;
				CLANG_WARN__DUPLICATE_METHOD_MATCH = YES;
				COPY_PHASE_STRIP = NO;
				DEBUG_INFORMATION_FORMAT = "dwarf-with-dsym";
				ENABLE_NS_ASSERTIONS = NO;
				ENABLE_STRICT_OBJC_MSGSEND = YES;
				GCC_C_LANGUAGE_STANDARD = gnu11;
				GCC_NO_COMMON_BLOCKS = YES;
				GCC_WARN_64_TO_32_BIT_CONVERSION = YES;
				GCC_WARN_ABOUT_RETURN_TYPE = YES_ERROR;
				GCC_WARN_UNDECLARED_SELECTOR = YES;
				GCC_WARN_UNINITIALIZED_AUTOS = YES_AGGRESSIVE;
				GCC_WARN_UNUSED_FUNCTION = YES;
				GCC_WARN_UNUSED_VARIABLE = YES;
				MACOSX_DEPLOYMENT_TARGET = 12.0;
				MTL_ENABLE_DEBUG_INFO = NO;
				MTL_FAST_MATH = YES;
				SDKROOT = macosx;
				SWIFT_COMPILATION_MODE = wholemodule;
				SWIFT_OPTIMIZATION_LEVEL = "-O";
			};
			name = Release;
		};
		2348FB74273A2DDC004DB2BF /* Debug */ = {
			isa = XCBuildConfiguration;
			buildSettings = {
				ASSETCATALOG_COMPILER_APPICON_NAME = AppIcon;
				ASSETCATALOG_COMPILER_GLOBAL_ACCENT_COLOR_NAME = AccentColor;
				CODE_SIGN_ENTITLEMENTS = "QRCodeView Demo/QRCodeView_Demo.entitlements";
				CODE_SIGN_STYLE = Automatic;
				COMBINE_HIDPI_IMAGES = YES;
				CURRENT_PROJECT_VERSION = 1;
				DEVELOPMENT_TEAM = "";
				ENABLE_HARDENED_RUNTIME = YES;
				GENERATE_INFOPLIST_FILE = YES;
				INFOPLIST_KEY_LSApplicationCategoryType = "public.app-category.utilities";
				INFOPLIST_KEY_NSHumanReadableCopyright = "";
				INFOPLIST_KEY_NSMainStoryboardFile = Main;
				INFOPLIST_KEY_NSPrincipalClass = NSApplication;
				LD_RUNPATH_SEARCH_PATHS = (
					"$(inherited)",
					"@executable_path/../Frameworks",
				);
				MACOSX_DEPLOYMENT_TARGET = 10.11;
				MARKETING_VERSION = 1.0;
				PRODUCT_BUNDLE_IDENTIFIER = "com.dagronf.qrcodeview.QRCodeView-Demo";
				PRODUCT_NAME = "$(TARGET_NAME)";
				SWIFT_EMIT_LOC_STRINGS = YES;
				SWIFT_VERSION = 5.0;
			};
			name = Debug;
		};
		2348FB75273A2DDC004DB2BF /* Release */ = {
			isa = XCBuildConfiguration;
			buildSettings = {
				ASSETCATALOG_COMPILER_APPICON_NAME = AppIcon;
				ASSETCATALOG_COMPILER_GLOBAL_ACCENT_COLOR_NAME = AccentColor;
				CODE_SIGN_ENTITLEMENTS = "QRCodeView Demo/QRCodeView_Demo.entitlements";
				CODE_SIGN_STYLE = Automatic;
				COMBINE_HIDPI_IMAGES = YES;
				CURRENT_PROJECT_VERSION = 1;
				DEVELOPMENT_TEAM = "";
				ENABLE_HARDENED_RUNTIME = YES;
				GENERATE_INFOPLIST_FILE = YES;
				INFOPLIST_KEY_LSApplicationCategoryType = "public.app-category.utilities";
				INFOPLIST_KEY_NSHumanReadableCopyright = "";
				INFOPLIST_KEY_NSMainStoryboardFile = Main;
				INFOPLIST_KEY_NSPrincipalClass = NSApplication;
				LD_RUNPATH_SEARCH_PATHS = (
					"$(inherited)",
					"@executable_path/../Frameworks",
				);
				MACOSX_DEPLOYMENT_TARGET = 10.11;
				MARKETING_VERSION = 1.0;
				PRODUCT_BUNDLE_IDENTIFIER = "com.dagronf.qrcodeview.QRCodeView-Demo";
				PRODUCT_NAME = "$(TARGET_NAME)";
				SWIFT_EMIT_LOC_STRINGS = YES;
				SWIFT_VERSION = 5.0;
			};
			name = Release;
		};
		2348FB90273A2EF4004DB2BF /* Debug */ = {
			isa = XCBuildConfiguration;
			buildSettings = {
				ASSETCATALOG_COMPILER_APPICON_NAME = AppIcon;
				ASSETCATALOG_COMPILER_GLOBAL_ACCENT_COLOR_NAME = AccentColor;
				CODE_SIGN_ENTITLEMENTS = "QRCodeView iOS Demo/QRCodeView iOS Demo.entitlements";
				"CODE_SIGN_IDENTITY[sdk=macosx*]" = "Apple Development";
				CODE_SIGN_STYLE = Automatic;
				CURRENT_PROJECT_VERSION = 1;
				DEVELOPMENT_TEAM = 3L6RK3LGGW;
				GENERATE_INFOPLIST_FILE = YES;
				INFOPLIST_FILE = "QRCodeView iOS Demo/Info.plist";
				INFOPLIST_KEY_LSApplicationCategoryType = "public.app-category.utilities";
				INFOPLIST_KEY_UIApplicationSupportsIndirectInputEvents = YES;
				INFOPLIST_KEY_UILaunchStoryboardName = LaunchScreen;
				INFOPLIST_KEY_UIMainStoryboardFile = Main;
				INFOPLIST_KEY_UISupportedInterfaceOrientations_iPad = "UIInterfaceOrientationPortrait UIInterfaceOrientationPortraitUpsideDown UIInterfaceOrientationLandscapeLeft UIInterfaceOrientationLandscapeRight";
				INFOPLIST_KEY_UISupportedInterfaceOrientations_iPhone = "UIInterfaceOrientationPortrait UIInterfaceOrientationLandscapeLeft UIInterfaceOrientationLandscapeRight";
				IPHONEOS_DEPLOYMENT_TARGET = 14.0;
				LD_RUNPATH_SEARCH_PATHS = (
					"$(inherited)",
					"@executable_path/Frameworks",
				);
				MARKETING_VERSION = 1.0;
				PRODUCT_BUNDLE_IDENTIFIER = "com.dagronf.qrcodeview.ios.QRCodeView-iOS-Demo";
				PRODUCT_NAME = "$(TARGET_NAME)";
				SDKROOT = iphoneos;
				SUPPORTS_MACCATALYST = YES;
				SWIFT_EMIT_LOC_STRINGS = YES;
				SWIFT_VERSION = 5.0;
				TARGETED_DEVICE_FAMILY = "1,2,6";
			};
			name = Debug;
		};
		2348FB91273A2EF4004DB2BF /* Release */ = {
			isa = XCBuildConfiguration;
			buildSettings = {
				ASSETCATALOG_COMPILER_APPICON_NAME = AppIcon;
				ASSETCATALOG_COMPILER_GLOBAL_ACCENT_COLOR_NAME = AccentColor;
				CODE_SIGN_ENTITLEMENTS = "QRCodeView iOS Demo/QRCodeView iOS Demo.entitlements";
				"CODE_SIGN_IDENTITY[sdk=macosx*]" = "Apple Development";
				CODE_SIGN_STYLE = Automatic;
				CURRENT_PROJECT_VERSION = 1;
				DEVELOPMENT_TEAM = 3L6RK3LGGW;
				GENERATE_INFOPLIST_FILE = YES;
				INFOPLIST_FILE = "QRCodeView iOS Demo/Info.plist";
				INFOPLIST_KEY_LSApplicationCategoryType = "public.app-category.utilities";
				INFOPLIST_KEY_UIApplicationSupportsIndirectInputEvents = YES;
				INFOPLIST_KEY_UILaunchStoryboardName = LaunchScreen;
				INFOPLIST_KEY_UIMainStoryboardFile = Main;
				INFOPLIST_KEY_UISupportedInterfaceOrientations_iPad = "UIInterfaceOrientationPortrait UIInterfaceOrientationPortraitUpsideDown UIInterfaceOrientationLandscapeLeft UIInterfaceOrientationLandscapeRight";
				INFOPLIST_KEY_UISupportedInterfaceOrientations_iPhone = "UIInterfaceOrientationPortrait UIInterfaceOrientationLandscapeLeft UIInterfaceOrientationLandscapeRight";
				IPHONEOS_DEPLOYMENT_TARGET = 14.0;
				LD_RUNPATH_SEARCH_PATHS = (
					"$(inherited)",
					"@executable_path/Frameworks",
				);
				MARKETING_VERSION = 1.0;
				PRODUCT_BUNDLE_IDENTIFIER = "com.dagronf.qrcodeview.ios.QRCodeView-iOS-Demo";
				PRODUCT_NAME = "$(TARGET_NAME)";
				SDKROOT = iphoneos;
				SUPPORTS_MACCATALYST = YES;
				SWIFT_EMIT_LOC_STRINGS = YES;
				SWIFT_VERSION = 5.0;
				TARGETED_DEVICE_FAMILY = "1,2,6";
				VALIDATE_PRODUCT = YES;
			};
			name = Release;
		};
		2348FBAE273A310A004DB2BF /* Debug */ = {
			isa = XCBuildConfiguration;
			buildSettings = {
				ASSETCATALOG_COMPILER_APPICON_NAME = AppIcon;
				ASSETCATALOG_COMPILER_GLOBAL_ACCENT_COLOR_NAME = AccentColor;
				CODE_SIGN_STYLE = Automatic;
				CURRENT_PROJECT_VERSION = 1;
				DEVELOPMENT_TEAM = 3L6RK3LGGW;
				ENABLE_PREVIEWS = YES;
				GENERATE_INFOPLIST_FILE = YES;
				INFOPLIST_KEY_UIApplicationSceneManifest_Generation = YES;
				INFOPLIST_KEY_UIApplicationSupportsIndirectInputEvents = YES;
				INFOPLIST_KEY_UILaunchScreen_Generation = YES;
				INFOPLIST_KEY_UISupportedInterfaceOrientations_iPad = "UIInterfaceOrientationPortrait UIInterfaceOrientationPortraitUpsideDown UIInterfaceOrientationLandscapeLeft UIInterfaceOrientationLandscapeRight";
				INFOPLIST_KEY_UISupportedInterfaceOrientations_iPhone = "UIInterfaceOrientationPortrait UIInterfaceOrientationLandscapeLeft UIInterfaceOrientationLandscapeRight";
				IPHONEOS_DEPLOYMENT_TARGET = 15.0;
				LD_RUNPATH_SEARCH_PATHS = (
					"$(inherited)",
					"@executable_path/Frameworks",
				);
				MARKETING_VERSION = 1.0;
				PRODUCT_BUNDLE_IDENTIFIER = "com.dagronf.qrcodeview.swiftui.QRCodeView-SwiftUI-Demo";
				PRODUCT_NAME = "QRCodeView SwiftUI Demo iOS";
				SDKROOT = iphoneos;
				SWIFT_EMIT_LOC_STRINGS = YES;
				SWIFT_VERSION = 5.0;
				TARGETED_DEVICE_FAMILY = "1,2";
			};
			name = Debug;
		};
		2348FBAF273A310A004DB2BF /* Release */ = {
			isa = XCBuildConfiguration;
			buildSettings = {
				ASSETCATALOG_COMPILER_APPICON_NAME = AppIcon;
				ASSETCATALOG_COMPILER_GLOBAL_ACCENT_COLOR_NAME = AccentColor;
				CODE_SIGN_STYLE = Automatic;
				CURRENT_PROJECT_VERSION = 1;
				DEVELOPMENT_TEAM = 3L6RK3LGGW;
				ENABLE_PREVIEWS = YES;
				GENERATE_INFOPLIST_FILE = YES;
				INFOPLIST_KEY_UIApplicationSceneManifest_Generation = YES;
				INFOPLIST_KEY_UIApplicationSupportsIndirectInputEvents = YES;
				INFOPLIST_KEY_UILaunchScreen_Generation = YES;
				INFOPLIST_KEY_UISupportedInterfaceOrientations_iPad = "UIInterfaceOrientationPortrait UIInterfaceOrientationPortraitUpsideDown UIInterfaceOrientationLandscapeLeft UIInterfaceOrientationLandscapeRight";
				INFOPLIST_KEY_UISupportedInterfaceOrientations_iPhone = "UIInterfaceOrientationPortrait UIInterfaceOrientationLandscapeLeft UIInterfaceOrientationLandscapeRight";
				IPHONEOS_DEPLOYMENT_TARGET = 15.0;
				LD_RUNPATH_SEARCH_PATHS = (
					"$(inherited)",
					"@executable_path/Frameworks",
				);
				MARKETING_VERSION = 1.0;
				PRODUCT_BUNDLE_IDENTIFIER = "com.dagronf.qrcodeview.swiftui.QRCodeView-SwiftUI-Demo";
				PRODUCT_NAME = "QRCodeView SwiftUI Demo iOS";
				SDKROOT = iphoneos;
				SWIFT_EMIT_LOC_STRINGS = YES;
				SWIFT_VERSION = 5.0;
				TARGETED_DEVICE_FAMILY = "1,2";
				VALIDATE_PRODUCT = YES;
			};
			name = Release;
		};
		2348FBB1273A310A004DB2BF /* Debug */ = {
			isa = XCBuildConfiguration;
			buildSettings = {
				ASSETCATALOG_COMPILER_APPICON_NAME = AppIcon;
				ASSETCATALOG_COMPILER_GLOBAL_ACCENT_COLOR_NAME = AccentColor;
				CODE_SIGN_ENTITLEMENTS = "QRCodeView SwiftUI Demo/macOS/macOS.entitlements";
				CODE_SIGN_IDENTITY = "Apple Development";
				CODE_SIGN_STYLE = Automatic;
				COMBINE_HIDPI_IMAGES = YES;
				CURRENT_PROJECT_VERSION = 1;
				DEVELOPMENT_TEAM = 3L6RK3LGGW;
				ENABLE_HARDENED_RUNTIME = YES;
				ENABLE_PREVIEWS = YES;
				GENERATE_INFOPLIST_FILE = YES;
				INFOPLIST_KEY_LSApplicationCategoryType = "public.app-category.utilities";
				INFOPLIST_KEY_NSHumanReadableCopyright = "";
				LD_RUNPATH_SEARCH_PATHS = (
					"$(inherited)",
					"@executable_path/../Frameworks",
				);
				MACOSX_DEPLOYMENT_TARGET = 12.0;
				MARKETING_VERSION = 1.0;
				PRODUCT_BUNDLE_IDENTIFIER = "com.dagronf.qrcodeview.swiftui.QRCodeView-SwiftUI-Demo";
				PRODUCT_NAME = "QRCodeView SwiftUI Demo";
				SDKROOT = macosx;
				SWIFT_EMIT_LOC_STRINGS = YES;
				SWIFT_VERSION = 5.0;
			};
			name = Debug;
		};
		2348FBB2273A310A004DB2BF /* Release */ = {
			isa = XCBuildConfiguration;
			buildSettings = {
				ASSETCATALOG_COMPILER_APPICON_NAME = AppIcon;
				ASSETCATALOG_COMPILER_GLOBAL_ACCENT_COLOR_NAME = AccentColor;
				CODE_SIGN_ENTITLEMENTS = "QRCodeView SwiftUI Demo/macOS/macOS.entitlements";
				CODE_SIGN_IDENTITY = "Apple Development";
				CODE_SIGN_STYLE = Automatic;
				COMBINE_HIDPI_IMAGES = YES;
				CURRENT_PROJECT_VERSION = 1;
				DEVELOPMENT_TEAM = 3L6RK3LGGW;
				ENABLE_HARDENED_RUNTIME = YES;
				ENABLE_PREVIEWS = YES;
				GENERATE_INFOPLIST_FILE = YES;
				INFOPLIST_KEY_LSApplicationCategoryType = "public.app-category.utilities";
				INFOPLIST_KEY_NSHumanReadableCopyright = "";
				LD_RUNPATH_SEARCH_PATHS = (
					"$(inherited)",
					"@executable_path/../Frameworks",
				);
				MACOSX_DEPLOYMENT_TARGET = 12.0;
				MARKETING_VERSION = 1.0;
				PRODUCT_BUNDLE_IDENTIFIER = "com.dagronf.qrcodeview.swiftui.QRCodeView-SwiftUI-Demo";
				PRODUCT_NAME = "QRCodeView SwiftUI Demo";
				SDKROOT = macosx;
				SWIFT_EMIT_LOC_STRINGS = YES;
				SWIFT_VERSION = 5.0;
			};
			name = Release;
		};
		236A050F286FE1970019C842 /* Debug */ = {
			isa = XCBuildConfiguration;
			buildSettings = {
				ASSETCATALOG_COMPILER_APPICON_NAME = AppIcon;
				ASSETCATALOG_COMPILER_GLOBAL_ACCENT_COLOR_NAME = AccentColor;
				CODE_SIGN_ENTITLEMENTS = "macOS QRCode Detector/macOS_QRCode_Detector.entitlements";
				CODE_SIGN_STYLE = Automatic;
				COMBINE_HIDPI_IMAGES = YES;
				CURRENT_PROJECT_VERSION = 1;
				DEVELOPMENT_TEAM = "";
				ENABLE_HARDENED_RUNTIME = YES;
				GENERATE_INFOPLIST_FILE = YES;
				INFOPLIST_KEY_NSCameraUsageDescription = "Capture video and detect QR codes within the video stream";
				INFOPLIST_KEY_NSHumanReadableCopyright = "";
				INFOPLIST_KEY_NSMainStoryboardFile = Main;
				INFOPLIST_KEY_NSPrincipalClass = NSApplication;
				LD_RUNPATH_SEARCH_PATHS = (
					"$(inherited)",
					"@executable_path/../Frameworks",
				);
				MACOSX_DEPLOYMENT_TARGET = 10.13;
				MARKETING_VERSION = 1.0;
				PRODUCT_BUNDLE_IDENTIFIER = "org.dagronf.qrcode.macOS-QRCode-Detector";
				PRODUCT_NAME = "$(TARGET_NAME)";
				SWIFT_EMIT_LOC_STRINGS = YES;
				SWIFT_VERSION = 5.0;
			};
			name = Debug;
		};
		236A0510286FE1970019C842 /* Release */ = {
			isa = XCBuildConfiguration;
			buildSettings = {
				ASSETCATALOG_COMPILER_APPICON_NAME = AppIcon;
				ASSETCATALOG_COMPILER_GLOBAL_ACCENT_COLOR_NAME = AccentColor;
				CODE_SIGN_ENTITLEMENTS = "macOS QRCode Detector/macOS_QRCode_Detector.entitlements";
				CODE_SIGN_STYLE = Automatic;
				COMBINE_HIDPI_IMAGES = YES;
				CURRENT_PROJECT_VERSION = 1;
				DEVELOPMENT_TEAM = "";
				ENABLE_HARDENED_RUNTIME = YES;
				GENERATE_INFOPLIST_FILE = YES;
				INFOPLIST_KEY_NSCameraUsageDescription = "Capture video and detect QR codes within the video stream";
				INFOPLIST_KEY_NSHumanReadableCopyright = "";
				INFOPLIST_KEY_NSMainStoryboardFile = Main;
				INFOPLIST_KEY_NSPrincipalClass = NSApplication;
				LD_RUNPATH_SEARCH_PATHS = (
					"$(inherited)",
					"@executable_path/../Frameworks",
				);
				MACOSX_DEPLOYMENT_TARGET = 10.13;
				MARKETING_VERSION = 1.0;
				PRODUCT_BUNDLE_IDENTIFIER = "org.dagronf.qrcode.macOS-QRCode-Detector";
				PRODUCT_NAME = "$(TARGET_NAME)";
				SWIFT_EMIT_LOC_STRINGS = YES;
				SWIFT_VERSION = 5.0;
			};
			name = Release;
		};
		236A052A286FE6580019C842 /* Debug */ = {
			isa = XCBuildConfiguration;
			buildSettings = {
				ASSETCATALOG_COMPILER_APPICON_NAME = AppIcon;
				ASSETCATALOG_COMPILER_GLOBAL_ACCENT_COLOR_NAME = AccentColor;
				CODE_SIGN_STYLE = Automatic;
				CURRENT_PROJECT_VERSION = 1;
				DEVELOPMENT_TEAM = 3L6RK3LGGW;
				GENERATE_INFOPLIST_FILE = YES;
				INFOPLIST_FILE = "iOS QRCode Detector/Info.plist";
				INFOPLIST_KEY_NSCameraUsageDescription = "Capture video and detect QR codes within the video stream";
				INFOPLIST_KEY_UIApplicationSupportsIndirectInputEvents = YES;
				INFOPLIST_KEY_UILaunchStoryboardName = LaunchScreen;
				INFOPLIST_KEY_UIMainStoryboardFile = Main;
				INFOPLIST_KEY_UISupportedInterfaceOrientations_iPad = "UIInterfaceOrientationPortrait UIInterfaceOrientationPortraitUpsideDown UIInterfaceOrientationLandscapeLeft UIInterfaceOrientationLandscapeRight";
				INFOPLIST_KEY_UISupportedInterfaceOrientations_iPhone = "UIInterfaceOrientationPortrait UIInterfaceOrientationLandscapeLeft UIInterfaceOrientationLandscapeRight";
				IPHONEOS_DEPLOYMENT_TARGET = 15.5;
				LD_RUNPATH_SEARCH_PATHS = (
					"$(inherited)",
					"@executable_path/Frameworks",
				);
				MARKETING_VERSION = 1.0;
				PRODUCT_BUNDLE_IDENTIFIER = "org.dagronf.qrcode.iOS-QRCode-Detector";
				PRODUCT_NAME = "$(TARGET_NAME)";
				SDKROOT = iphoneos;
				SWIFT_EMIT_LOC_STRINGS = YES;
				SWIFT_VERSION = 5.0;
				TARGETED_DEVICE_FAMILY = "1,2";
			};
			name = Debug;
		};
		236A052B286FE6580019C842 /* Release */ = {
			isa = XCBuildConfiguration;
			buildSettings = {
				ASSETCATALOG_COMPILER_APPICON_NAME = AppIcon;
				ASSETCATALOG_COMPILER_GLOBAL_ACCENT_COLOR_NAME = AccentColor;
				CODE_SIGN_STYLE = Automatic;
				CURRENT_PROJECT_VERSION = 1;
				DEVELOPMENT_TEAM = 3L6RK3LGGW;
				GENERATE_INFOPLIST_FILE = YES;
				INFOPLIST_FILE = "iOS QRCode Detector/Info.plist";
				INFOPLIST_KEY_NSCameraUsageDescription = "Capture video and detect QR codes within the video stream";
				INFOPLIST_KEY_UIApplicationSupportsIndirectInputEvents = YES;
				INFOPLIST_KEY_UILaunchStoryboardName = LaunchScreen;
				INFOPLIST_KEY_UIMainStoryboardFile = Main;
				INFOPLIST_KEY_UISupportedInterfaceOrientations_iPad = "UIInterfaceOrientationPortrait UIInterfaceOrientationPortraitUpsideDown UIInterfaceOrientationLandscapeLeft UIInterfaceOrientationLandscapeRight";
				INFOPLIST_KEY_UISupportedInterfaceOrientations_iPhone = "UIInterfaceOrientationPortrait UIInterfaceOrientationLandscapeLeft UIInterfaceOrientationLandscapeRight";
				IPHONEOS_DEPLOYMENT_TARGET = 15.5;
				LD_RUNPATH_SEARCH_PATHS = (
					"$(inherited)",
					"@executable_path/Frameworks",
				);
				MARKETING_VERSION = 1.0;
				PRODUCT_BUNDLE_IDENTIFIER = "org.dagronf.qrcode.iOS-QRCode-Detector";
				PRODUCT_NAME = "$(TARGET_NAME)";
				SDKROOT = iphoneos;
				SWIFT_EMIT_LOC_STRINGS = YES;
				SWIFT_VERSION = 5.0;
				TARGETED_DEVICE_FAMILY = "1,2";
				VALIDATE_PRODUCT = YES;
			};
			name = Release;
		};
		236B043A274B5DEA004F0146 /* Debug */ = {
			isa = XCBuildConfiguration;
			buildSettings = {
				CODE_SIGN_STYLE = Automatic;
				DEVELOPMENT_TEAM = 3L6RK3LGGW;
				PRODUCT_NAME = "$(TARGET_NAME)";
				SDKROOT = iphoneos;
			};
			name = Debug;
		};
		236B043B274B5DEA004F0146 /* Release */ = {
			isa = XCBuildConfiguration;
			buildSettings = {
				CODE_SIGN_STYLE = Automatic;
				DEVELOPMENT_TEAM = 3L6RK3LGGW;
				PRODUCT_NAME = "$(TARGET_NAME)";
				SDKROOT = iphoneos;
			};
			name = Release;
		};
		23C64A66282F448E0094E093 /* Debug */ = {
			isa = XCBuildConfiguration;
			buildSettings = {
				ASSETCATALOG_COMPILER_APPICON_NAME = AppIcon;
				ASSETCATALOG_COMPILER_GLOBAL_ACCENT_COLOR_NAME = AccentColor;
				CODE_SIGN_ENTITLEMENTS = "QRCodeView Documentation Images/QRCodeView_Documentation_Images.entitlements";
				CODE_SIGN_STYLE = Automatic;
				COMBINE_HIDPI_IMAGES = YES;
				CURRENT_PROJECT_VERSION = 1;
				DEVELOPMENT_TEAM = 3L6RK3LGGW;
				ENABLE_HARDENED_RUNTIME = YES;
				GENERATE_INFOPLIST_FILE = YES;
				INFOPLIST_KEY_NSHumanReadableCopyright = "";
				INFOPLIST_KEY_NSMainStoryboardFile = Main;
				INFOPLIST_KEY_NSPrincipalClass = NSApplication;
				LD_RUNPATH_SEARCH_PATHS = (
					"$(inherited)",
					"@executable_path/../Frameworks",
				);
				MACOSX_DEPLOYMENT_TARGET = 10.12;
				MARKETING_VERSION = 1.0;
				PRODUCT_BUNDLE_IDENTIFIER = "com.dagronf.qrcode.QRCodeView-Documentation-Images";
				PRODUCT_NAME = "$(TARGET_NAME)";
				SWIFT_EMIT_LOC_STRINGS = YES;
				SWIFT_VERSION = 5.0;
			};
			name = Debug;
		};
		23C64A67282F448E0094E093 /* Release */ = {
			isa = XCBuildConfiguration;
			buildSettings = {
				ASSETCATALOG_COMPILER_APPICON_NAME = AppIcon;
				ASSETCATALOG_COMPILER_GLOBAL_ACCENT_COLOR_NAME = AccentColor;
				CODE_SIGN_ENTITLEMENTS = "QRCodeView Documentation Images/QRCodeView_Documentation_Images.entitlements";
				CODE_SIGN_STYLE = Automatic;
				COMBINE_HIDPI_IMAGES = YES;
				CURRENT_PROJECT_VERSION = 1;
				DEVELOPMENT_TEAM = 3L6RK3LGGW;
				ENABLE_HARDENED_RUNTIME = YES;
				GENERATE_INFOPLIST_FILE = YES;
				INFOPLIST_KEY_NSHumanReadableCopyright = "";
				INFOPLIST_KEY_NSMainStoryboardFile = Main;
				INFOPLIST_KEY_NSPrincipalClass = NSApplication;
				LD_RUNPATH_SEARCH_PATHS = (
					"$(inherited)",
					"@executable_path/../Frameworks",
				);
				MACOSX_DEPLOYMENT_TARGET = 10.12;
				MARKETING_VERSION = 1.0;
				PRODUCT_BUNDLE_IDENTIFIER = "com.dagronf.qrcode.QRCodeView-Documentation-Images";
				PRODUCT_NAME = "$(TARGET_NAME)";
				SWIFT_EMIT_LOC_STRINGS = YES;
				SWIFT_VERSION = 5.0;
			};
			name = Release;
		};
		23F8AE75273A493C00ED6288 /* Debug */ = {
			isa = XCBuildConfiguration;
			buildSettings = {
				ALWAYS_EMBED_SWIFT_STANDARD_LIBRARIES = YES;
				ASSETCATALOG_COMPILER_APPICON_NAME = AppIcon;
				ASSETCATALOG_COMPILER_GLOBAL_ACCENT_COLOR_NAME = AccentColor;
				CODE_SIGN_ENTITLEMENTS = "QRCodeView ObjC Demo/QRCodeView_ObjC_Demo.entitlements";
				CODE_SIGN_STYLE = Automatic;
				COMBINE_HIDPI_IMAGES = YES;
				CURRENT_PROJECT_VERSION = 1;
				DEVELOPMENT_TEAM = "";
				ENABLE_HARDENED_RUNTIME = YES;
				GENERATE_INFOPLIST_FILE = YES;
				INFOPLIST_KEY_LSApplicationCategoryType = "public.app-category.utilities";
				INFOPLIST_KEY_NSHumanReadableCopyright = "";
				INFOPLIST_KEY_NSMainStoryboardFile = Main;
				INFOPLIST_KEY_NSPrincipalClass = NSApplication;
				LD_RUNPATH_SEARCH_PATHS = (
					"$(inherited)",
					"@executable_path/../Frameworks",
				);
				MACOSX_DEPLOYMENT_TARGET = 10.11;
				MARKETING_VERSION = 1.0;
				PRODUCT_BUNDLE_IDENTIFIER = "com.dagronf.qrcodeview.objc.QRCodeView-ObjC-Demo";
				PRODUCT_NAME = "$(TARGET_NAME)";
				SWIFT_EMIT_LOC_STRINGS = YES;
			};
			name = Debug;
		};
		23F8AE76273A493C00ED6288 /* Release */ = {
			isa = XCBuildConfiguration;
			buildSettings = {
				ALWAYS_EMBED_SWIFT_STANDARD_LIBRARIES = YES;
				ASSETCATALOG_COMPILER_APPICON_NAME = AppIcon;
				ASSETCATALOG_COMPILER_GLOBAL_ACCENT_COLOR_NAME = AccentColor;
				CODE_SIGN_ENTITLEMENTS = "QRCodeView ObjC Demo/QRCodeView_ObjC_Demo.entitlements";
				CODE_SIGN_STYLE = Automatic;
				COMBINE_HIDPI_IMAGES = YES;
				CURRENT_PROJECT_VERSION = 1;
				DEVELOPMENT_TEAM = "";
				ENABLE_HARDENED_RUNTIME = YES;
				GENERATE_INFOPLIST_FILE = YES;
				INFOPLIST_KEY_LSApplicationCategoryType = "public.app-category.utilities";
				INFOPLIST_KEY_NSHumanReadableCopyright = "";
				INFOPLIST_KEY_NSMainStoryboardFile = Main;
				INFOPLIST_KEY_NSPrincipalClass = NSApplication;
				LD_RUNPATH_SEARCH_PATHS = (
					"$(inherited)",
					"@executable_path/../Frameworks",
				);
				MACOSX_DEPLOYMENT_TARGET = 10.11;
				MARKETING_VERSION = 1.0;
				PRODUCT_BUNDLE_IDENTIFIER = "com.dagronf.qrcodeview.objc.QRCodeView-ObjC-Demo";
				PRODUCT_NAME = "$(TARGET_NAME)";
				SWIFT_EMIT_LOC_STRINGS = YES;
			};
			name = Release;
		};
/* End XCBuildConfiguration section */

/* Begin XCConfigurationList section */
		2322B0BC276348320085B5EB /* Build configuration list for PBXNativeTarget "QRCode WatchOS Demo WatchKit Extension" */ = {
			isa = XCConfigurationList;
			buildConfigurations = (
				2322B0BA276348320085B5EB /* Debug */,
				2322B0BB276348320085B5EB /* Release */,
			);
			defaultConfigurationIsVisible = 0;
			defaultConfigurationName = Release;
		};
		2322B0BD276348320085B5EB /* Build configuration list for PBXNativeTarget "QRCode WatchOS Demo WatchKit App" */ = {
			isa = XCConfigurationList;
			buildConfigurations = (
				2322B0B7276348320085B5EB /* Debug */,
				2322B0B8276348320085B5EB /* Release */,
			);
			defaultConfigurationIsVisible = 0;
			defaultConfigurationName = Release;
		};
		2322B0BE276348320085B5EB /* Build configuration list for PBXNativeTarget "QRCode WatchOS Demo" */ = {
			isa = XCConfigurationList;
			buildConfigurations = (
				2322B0B4276348320085B5EB /* Debug */,
				2322B0B5276348320085B5EB /* Release */,
			);
			defaultConfigurationIsVisible = 0;
			defaultConfigurationName = Release;
		};
		2345F6D527488AC40087569B /* Build configuration list for PBXAggregateTarget "All macOS" */ = {
			isa = XCConfigurationList;
			buildConfigurations = (
				2345F6D327488AC40087569B /* Debug */,
				2345F6D427488AC40087569B /* Release */,
			);
			defaultConfigurationIsVisible = 0;
			defaultConfigurationName = Release;
		};
		2348FB5F273A2DDB004DB2BF /* Build configuration list for PBXProject "QRCodeView Demo" */ = {
			isa = XCConfigurationList;
			buildConfigurations = (
				2348FB71273A2DDC004DB2BF /* Debug */,
				2348FB72273A2DDC004DB2BF /* Release */,
			);
			defaultConfigurationIsVisible = 0;
			defaultConfigurationName = Release;
		};
		2348FB73273A2DDC004DB2BF /* Build configuration list for PBXNativeTarget "QRCodeView Demo" */ = {
			isa = XCConfigurationList;
			buildConfigurations = (
				2348FB74273A2DDC004DB2BF /* Debug */,
				2348FB75273A2DDC004DB2BF /* Release */,
			);
			defaultConfigurationIsVisible = 0;
			defaultConfigurationName = Release;
		};
		2348FB8F273A2EF4004DB2BF /* Build configuration list for PBXNativeTarget "QRCodeView iOS Demo" */ = {
			isa = XCConfigurationList;
			buildConfigurations = (
				2348FB90273A2EF4004DB2BF /* Debug */,
				2348FB91273A2EF4004DB2BF /* Release */,
			);
			defaultConfigurationIsVisible = 0;
			defaultConfigurationName = Release;
		};
		2348FBAD273A310A004DB2BF /* Build configuration list for PBXNativeTarget "QRCodeView SwiftUI Demo (iOS)" */ = {
			isa = XCConfigurationList;
			buildConfigurations = (
				2348FBAE273A310A004DB2BF /* Debug */,
				2348FBAF273A310A004DB2BF /* Release */,
			);
			defaultConfigurationIsVisible = 0;
			defaultConfigurationName = Release;
		};
		2348FBB0273A310A004DB2BF /* Build configuration list for PBXNativeTarget "QRCodeView SwiftUI Demo (macOS)" */ = {
			isa = XCConfigurationList;
			buildConfigurations = (
				2348FBB1273A310A004DB2BF /* Debug */,
				2348FBB2273A310A004DB2BF /* Release */,
			);
			defaultConfigurationIsVisible = 0;
			defaultConfigurationName = Release;
		};
		236A0511286FE1970019C842 /* Build configuration list for PBXNativeTarget "macOS QRCode Detector" */ = {
			isa = XCConfigurationList;
			buildConfigurations = (
				236A050F286FE1970019C842 /* Debug */,
				236A0510286FE1970019C842 /* Release */,
			);
			defaultConfigurationIsVisible = 0;
			defaultConfigurationName = Release;
		};
		236A0529286FE6580019C842 /* Build configuration list for PBXNativeTarget "iOS QRCode Detector" */ = {
			isa = XCConfigurationList;
			buildConfigurations = (
				236A052A286FE6580019C842 /* Debug */,
				236A052B286FE6580019C842 /* Release */,
			);
			defaultConfigurationIsVisible = 0;
			defaultConfigurationName = Release;
		};
		236B0439274B5DEA004F0146 /* Build configuration list for PBXAggregateTarget "All iOS" */ = {
			isa = XCConfigurationList;
			buildConfigurations = (
				236B043A274B5DEA004F0146 /* Debug */,
				236B043B274B5DEA004F0146 /* Release */,
			);
			defaultConfigurationIsVisible = 0;
			defaultConfigurationName = Release;
		};
		23C64A68282F448E0094E093 /* Build configuration list for PBXNativeTarget "QRCodeView Documentation Images" */ = {
			isa = XCConfigurationList;
			buildConfigurations = (
				23C64A66282F448E0094E093 /* Debug */,
				23C64A67282F448E0094E093 /* Release */,
			);
			defaultConfigurationIsVisible = 0;
			defaultConfigurationName = Release;
		};
		23F8AE77273A493C00ED6288 /* Build configuration list for PBXNativeTarget "QRCodeView ObjC Demo" */ = {
			isa = XCConfigurationList;
			buildConfigurations = (
				23F8AE75273A493C00ED6288 /* Debug */,
				23F8AE76273A493C00ED6288 /* Release */,
			);
			defaultConfigurationIsVisible = 0;
			defaultConfigurationName = Release;
		};
/* End XCConfigurationList section */

/* Begin XCSwiftPackageProductDependency section */
		239FBAE028A638C2002F74AC /* QRCode */ = {
			isa = XCSwiftPackageProductDependency;
			productName = QRCode;
		};
		239FBAE228A638CA002F74AC /* QRCode */ = {
			isa = XCSwiftPackageProductDependency;
			productName = QRCode;
		};
		239FBAE428A638D8002F74AC /* QRCode */ = {
			isa = XCSwiftPackageProductDependency;
			productName = QRCode;
		};
		239FBAE628A638E3002F74AC /* QRCode */ = {
			isa = XCSwiftPackageProductDependency;
			productName = QRCode;
		};
		239FBAE828A638FB002F74AC /* QRCode */ = {
			isa = XCSwiftPackageProductDependency;
			productName = QRCode;
		};
		23C7585B28AC7420007528CE /* QRCodeExternal */ = {
			isa = XCSwiftPackageProductDependency;
			productName = QRCodeExternal;
		};
		23C7585F28AC77E3007528CE /* QRCode */ = {
			isa = XCSwiftPackageProductDependency;
			productName = QRCode;
		};
		23C7586128AC7842007528CE /* QRCode */ = {
			isa = XCSwiftPackageProductDependency;
			productName = QRCode;
		};
		23C7586528AC78B8007528CE /* QRCodeDynamic */ = {
			isa = XCSwiftPackageProductDependency;
			productName = QRCodeDynamic;
		};
/* End XCSwiftPackageProductDependency section */
	};
	rootObject = 2348FB5C273A2DDB004DB2BF /* Project object */;
}
